// !$*UTF8*$!
{
	archiveVersion = 1;
	classes = {
	};
	objectVersion = 46;
	objects = {

/* Begin PBXBuildFile section */
		3BBDC8F51CE2FEAD00103B00 /* main.m in Sources */ = {isa = PBXBuildFile; fileRef = 3BBDC8F41CE2FEAD00103B00 /* main.m */; };
		3BBDC8F81CE2FEAD00103B00 /* AppDelegate.m in Sources */ = {isa = PBXBuildFile; fileRef = 3BBDC8F71CE2FEAD00103B00 /* AppDelegate.m */; };
		3BBDC8FB1CE2FEAD00103B00 /* ViewController.m in Sources */ = {isa = PBXBuildFile; fileRef = 3BBDC8FA1CE2FEAD00103B00 /* ViewController.m */; };
		3BBDC8FE1CE2FEAD00103B00 /* Main.storyboard in Resources */ = {isa = PBXBuildFile; fileRef = 3BBDC8FC1CE2FEAD00103B00 /* Main.storyboard */; };
		3BBDC9001CE2FEAD00103B00 /* Assets.xcassets in Resources */ = {isa = PBXBuildFile; fileRef = 3BBDC8FF1CE2FEAD00103B00 /* Assets.xcassets */; };
		3BBDC9031CE2FEAD00103B00 /* LaunchScreen.storyboard in Resources */ = {isa = PBXBuildFile; fileRef = 3BBDC9011CE2FEAD00103B00 /* LaunchScreen.storyboard */; };
		3BBDC90D1CE2FFF500103B00 /* HTTPRequest.m in Sources */ = {isa = PBXBuildFile; fileRef = 3BBDC90C1CE2FFF500103B00 /* HTTPRequest.m */; };
		3BBDC9191CE30B5800103B00 /* SDRootNavigationController.m in Sources */ = {isa = PBXBuildFile; fileRef = 3BBDC9181CE30B5800103B00 /* SDRootNavigationController.m */; };
		3BBDC91C1CE30B6B00103B00 /* SDRootViewController.m in Sources */ = {isa = PBXBuildFile; fileRef = 3BBDC91B1CE30B6B00103B00 /* SDRootViewController.m */; };
		3BBDC91F1CE30BAF00103B00 /* SDHomepageViewController.m in Sources */ = {isa = PBXBuildFile; fileRef = 3BBDC91E1CE30BAF00103B00 /* SDHomepageViewController.m */; };
		3BBDC9241CE30BD300103B00 /* SDCareViewController.m in Sources */ = {isa = PBXBuildFile; fileRef = 3BBDC9231CE30BD300103B00 /* SDCareViewController.m */; };
		3BBDC9271CE30BEF00103B00 /* SDTabBarController.m in Sources */ = {isa = PBXBuildFile; fileRef = 3BBDC9261CE30BEF00103B00 /* SDTabBarController.m */; };
		3BBDC9451CE3122700103B00 /* SDScrollTogetherView.m in Sources */ = {isa = PBXBuildFile; fileRef = 3BBDC9441CE3122700103B00 /* SDScrollTogetherView.m */; };
		3BBDC9491CE3255200103B00 /* SDHomeGameDetailViewController.m in Sources */ = {isa = PBXBuildFile; fileRef = 3BBDC9481CE3255200103B00 /* SDHomeGameDetailViewController.m */; };
		3BBDC94E1CE32CFF00103B00 /* SDHomepageTableViewCell.m in Sources */ = {isa = PBXBuildFile; fileRef = 3BBDC94C1CE32CFF00103B00 /* SDHomepageTableViewCell.m */; };
		3BBDC94F1CE32CFF00103B00 /* SDHomepageTableViewCell.xib in Resources */ = {isa = PBXBuildFile; fileRef = 3BBDC94D1CE32CFF00103B00 /* SDHomepageTableViewCell.xib */; };
		3BBDC9531CE335F800103B00 /* SDHomepageContentCollectionViewCell.m in Sources */ = {isa = PBXBuildFile; fileRef = 3BBDC9511CE335F800103B00 /* SDHomepageContentCollectionViewCell.m */; };
		3BBDC9541CE335F800103B00 /* SDHomepageContentCollectionViewCell.xib in Resources */ = {isa = PBXBuildFile; fileRef = 3BBDC9521CE335F800103B00 /* SDHomepageContentCollectionViewCell.xib */; };
		46909884CB8737AED4365F11 /* libPods.a in Frameworks */ = {isa = PBXBuildFile; fileRef = 5572761D8DE71321CEAEE587 /* libPods.a */; };
/* End PBXBuildFile section */

/* Begin PBXFileReference section */
		1CE525FFF3FEB8003EC5ACA1 /* Pods.debug.xcconfig */ = {isa = PBXFileReference; includeInIndex = 1; lastKnownFileType = text.xcconfig; name = Pods.debug.xcconfig; path = "Pods/Target Support Files/Pods/Pods.debug.xcconfig"; sourceTree = "<group>"; };
		3BBDC8F01CE2FEAC00103B00 /* DouYu.app */ = {isa = PBXFileReference; explicitFileType = wrapper.application; includeInIndex = 0; path = DouYu.app; sourceTree = BUILT_PRODUCTS_DIR; };
		3BBDC8F41CE2FEAD00103B00 /* main.m */ = {isa = PBXFileReference; lastKnownFileType = sourcecode.c.objc; path = main.m; sourceTree = "<group>"; };
		3BBDC8F61CE2FEAD00103B00 /* AppDelegate.h */ = {isa = PBXFileReference; lastKnownFileType = sourcecode.c.h; path = AppDelegate.h; sourceTree = "<group>"; };
		3BBDC8F71CE2FEAD00103B00 /* AppDelegate.m */ = {isa = PBXFileReference; lastKnownFileType = sourcecode.c.objc; path = AppDelegate.m; sourceTree = "<group>"; };
		3BBDC8F91CE2FEAD00103B00 /* ViewController.h */ = {isa = PBXFileReference; lastKnownFileType = sourcecode.c.h; path = ViewController.h; sourceTree = "<group>"; };
		3BBDC8FA1CE2FEAD00103B00 /* ViewController.m */ = {isa = PBXFileReference; lastKnownFileType = sourcecode.c.objc; path = ViewController.m; sourceTree = "<group>"; };
		3BBDC8FD1CE2FEAD00103B00 /* Base */ = {isa = PBXFileReference; lastKnownFileType = file.storyboard; name = Base; path = Base.lproj/Main.storyboard; sourceTree = "<group>"; };
		3BBDC8FF1CE2FEAD00103B00 /* Assets.xcassets */ = {isa = PBXFileReference; lastKnownFileType = folder.assetcatalog; path = Assets.xcassets; sourceTree = "<group>"; };
		3BBDC9021CE2FEAD00103B00 /* Base */ = {isa = PBXFileReference; lastKnownFileType = file.storyboard; name = Base; path = Base.lproj/LaunchScreen.storyboard; sourceTree = "<group>"; };
		3BBDC9041CE2FEAD00103B00 /* Info.plist */ = {isa = PBXFileReference; lastKnownFileType = text.plist.xml; path = Info.plist; sourceTree = "<group>"; };
		3BBDC90B1CE2FFF500103B00 /* HTTPRequest.h */ = {isa = PBXFileReference; fileEncoding = 4; lastKnownFileType = sourcecode.c.h; path = HTTPRequest.h; sourceTree = "<group>"; };
		3BBDC90C1CE2FFF500103B00 /* HTTPRequest.m */ = {isa = PBXFileReference; fileEncoding = 4; lastKnownFileType = sourcecode.c.objc; path = HTTPRequest.m; sourceTree = "<group>"; };
		3BBDC90E1CE300B100103B00 /* DouYu-Prefix.pch */ = {isa = PBXFileReference; lastKnownFileType = sourcecode.c.h; path = "DouYu-Prefix.pch"; sourceTree = "<group>"; };
		3BBDC9171CE30B5800103B00 /* SDRootNavigationController.h */ = {isa = PBXFileReference; fileEncoding = 4; lastKnownFileType = sourcecode.c.h; path = SDRootNavigationController.h; sourceTree = "<group>"; };
		3BBDC9181CE30B5800103B00 /* SDRootNavigationController.m */ = {isa = PBXFileReference; fileEncoding = 4; lastKnownFileType = sourcecode.c.objc; path = SDRootNavigationController.m; sourceTree = "<group>"; };
		3BBDC91A1CE30B6B00103B00 /* SDRootViewController.h */ = {isa = PBXFileReference; fileEncoding = 4; lastKnownFileType = sourcecode.c.h; path = SDRootViewController.h; sourceTree = "<group>"; };
		3BBDC91B1CE30B6B00103B00 /* SDRootViewController.m */ = {isa = PBXFileReference; fileEncoding = 4; lastKnownFileType = sourcecode.c.objc; path = SDRootViewController.m; sourceTree = "<group>"; };
		3BBDC91D1CE30BAF00103B00 /* SDHomepageViewController.h */ = {isa = PBXFileReference; fileEncoding = 4; lastKnownFileType = sourcecode.c.h; path = SDHomepageViewController.h; sourceTree = "<group>"; };
		3BBDC91E1CE30BAF00103B00 /* SDHomepageViewController.m */ = {isa = PBXFileReference; fileEncoding = 4; lastKnownFileType = sourcecode.c.objc; path = SDHomepageViewController.m; sourceTree = "<group>"; };
		3BBDC9221CE30BD300103B00 /* SDCareViewController.h */ = {isa = PBXFileReference; fileEncoding = 4; lastKnownFileType = sourcecode.c.h; path = SDCareViewController.h; sourceTree = "<group>"; };
		3BBDC9231CE30BD300103B00 /* SDCareViewController.m */ = {isa = PBXFileReference; fileEncoding = 4; lastKnownFileType = sourcecode.c.objc; path = SDCareViewController.m; sourceTree = "<group>"; };
		3BBDC9251CE30BEF00103B00 /* SDTabBarController.h */ = {isa = PBXFileReference; fileEncoding = 4; lastKnownFileType = sourcecode.c.h; path = SDTabBarController.h; sourceTree = "<group>"; };
		3BBDC9261CE30BEF00103B00 /* SDTabBarController.m */ = {isa = PBXFileReference; fileEncoding = 4; lastKnownFileType = sourcecode.c.objc; path = SDTabBarController.m; sourceTree = "<group>"; };
		3BBDC9431CE3122700103B00 /* SDScrollTogetherView.h */ = {isa = PBXFileReference; fileEncoding = 4; lastKnownFileType = sourcecode.c.h; path = SDScrollTogetherView.h; sourceTree = "<group>"; };
		3BBDC9441CE3122700103B00 /* SDScrollTogetherView.m */ = {isa = PBXFileReference; fileEncoding = 4; lastKnownFileType = sourcecode.c.objc; path = SDScrollTogetherView.m; sourceTree = "<group>"; };
		3BBDC9471CE3255200103B00 /* SDHomeGameDetailViewController.h */ = {isa = PBXFileReference; fileEncoding = 4; lastKnownFileType = sourcecode.c.h; path = SDHomeGameDetailViewController.h; sourceTree = "<group>"; };
		3BBDC9481CE3255200103B00 /* SDHomeGameDetailViewController.m */ = {isa = PBXFileReference; fileEncoding = 4; lastKnownFileType = sourcecode.c.objc; path = SDHomeGameDetailViewController.m; sourceTree = "<group>"; };
		3BBDC94B1CE32CFF00103B00 /* SDHomepageTableViewCell.h */ = {isa = PBXFileReference; fileEncoding = 4; lastKnownFileType = sourcecode.c.h; path = SDHomepageTableViewCell.h; sourceTree = "<group>"; };
		3BBDC94C1CE32CFF00103B00 /* SDHomepageTableViewCell.m */ = {isa = PBXFileReference; fileEncoding = 4; lastKnownFileType = sourcecode.c.objc; path = SDHomepageTableViewCell.m; sourceTree = "<group>"; };
		3BBDC94D1CE32CFF00103B00 /* SDHomepageTableViewCell.xib */ = {isa = PBXFileReference; fileEncoding = 4; lastKnownFileType = file.xib; path = SDHomepageTableViewCell.xib; sourceTree = "<group>"; };
		3BBDC9501CE335F800103B00 /* SDHomepageContentCollectionViewCell.h */ = {isa = PBXFileReference; fileEncoding = 4; lastKnownFileType = sourcecode.c.h; path = SDHomepageContentCollectionViewCell.h; sourceTree = "<group>"; };
		3BBDC9511CE335F800103B00 /* SDHomepageContentCollectionViewCell.m */ = {isa = PBXFileReference; fileEncoding = 4; lastKnownFileType = sourcecode.c.objc; path = SDHomepageContentCollectionViewCell.m; sourceTree = "<group>"; };
		3BBDC9521CE335F800103B00 /* SDHomepageContentCollectionViewCell.xib */ = {isa = PBXFileReference; fileEncoding = 4; lastKnownFileType = file.xib; path = SDHomepageContentCollectionViewCell.xib; sourceTree = "<group>"; };
		5572761D8DE71321CEAEE587 /* libPods.a */ = {isa = PBXFileReference; explicitFileType = archive.ar; includeInIndex = 0; path = libPods.a; sourceTree = BUILT_PRODUCTS_DIR; };
		61025744918BBD14E1E1D067 /* Pods.release.xcconfig */ = {isa = PBXFileReference; includeInIndex = 1; lastKnownFileType = text.xcconfig; name = Pods.release.xcconfig; path = "Pods/Target Support Files/Pods/Pods.release.xcconfig"; sourceTree = "<group>"; };
/* End PBXFileReference section */

/* Begin PBXFrameworksBuildPhase section */
		3BBDC8ED1CE2FEAC00103B00 /* Frameworks */ = {
			isa = PBXFrameworksBuildPhase;
			buildActionMask = 2147483647;
			files = (
				46909884CB8737AED4365F11 /* libPods.a in Frameworks */,
			);
			runOnlyForDeploymentPostprocessing = 0;
		};
/* End PBXFrameworksBuildPhase section */

/* Begin PBXGroup section */
		132A466FB17386E60C940E0C /* Frameworks */ = {
			isa = PBXGroup;
			children = (
				5572761D8DE71321CEAEE587 /* libPods.a */,
			);
			name = Frameworks;
			sourceTree = "<group>";
		};
		16E974C29D907F00FEC997D3 /* Pods */ = {
			isa = PBXGroup;
			children = (
				1CE525FFF3FEB8003EC5ACA1 /* Pods.debug.xcconfig */,
				61025744918BBD14E1E1D067 /* Pods.release.xcconfig */,
			);
			name = Pods;
			sourceTree = "<group>";
		};
		3BBDC8E71CE2FEAC00103B00 = {
			isa = PBXGroup;
			children = (
				3BBDC8F21CE2FEAC00103B00 /* DouYu */,
				3BBDC8F11CE2FEAC00103B00 /* Products */,
				16E974C29D907F00FEC997D3 /* Pods */,
				132A466FB17386E60C940E0C /* Frameworks */,
			);
			sourceTree = "<group>";
		};
		3BBDC8F11CE2FEAC00103B00 /* Products */ = {
			isa = PBXGroup;
			children = (
				3BBDC8F01CE2FEAC00103B00 /* DouYu.app */,
			);
			name = Products;
			sourceTree = "<group>";
		};
		3BBDC8F21CE2FEAC00103B00 /* DouYu */ = {
			isa = PBXGroup;
			children = (
				3BBDC9101CE30A0400103B00 /* Class */,
				3BBDC90F1CE309CB00103B00 /* Helper */,
				3BBDC90A1CE2FFD000103B00 /* HTTPRequest */,
				3BBDC8F61CE2FEAD00103B00 /* AppDelegate.h */,
				3BBDC8F71CE2FEAD00103B00 /* AppDelegate.m */,
				3BBDC8F91CE2FEAD00103B00 /* ViewController.h */,
				3BBDC8FA1CE2FEAD00103B00 /* ViewController.m */,
				3BBDC9431CE3122700103B00 /* SDScrollTogetherView.h */,
				3BBDC9441CE3122700103B00 /* SDScrollTogetherView.m */,
				3BBDC8F31CE2FEAD00103B00 /* Supporting Files */,
			);
			path = DouYu;
			sourceTree = "<group>";
		};
		3BBDC8F31CE2FEAD00103B00 /* Supporting Files */ = {
			isa = PBXGroup;
			children = (
				3BBDC8FC1CE2FEAD00103B00 /* Main.storyboard */,
				3BBDC8FF1CE2FEAD00103B00 /* Assets.xcassets */,
				3BBDC9011CE2FEAD00103B00 /* LaunchScreen.storyboard */,
				3BBDC9041CE2FEAD00103B00 /* Info.plist */,
				3BBDC8F41CE2FEAD00103B00 /* main.m */,
				3BBDC90E1CE300B100103B00 /* DouYu-Prefix.pch */,
			);
			name = "Supporting Files";
			sourceTree = "<group>";
		};
		3BBDC90A1CE2FFD000103B00 /* HTTPRequest */ = {
			isa = PBXGroup;
			children = (
				3BBDC90B1CE2FFF500103B00 /* HTTPRequest.h */,
				3BBDC90C1CE2FFF500103B00 /* HTTPRequest.m */,
			);
			name = HTTPRequest;
			sourceTree = "<group>";
		};
		3BBDC90F1CE309CB00103B00 /* Helper */ = {
			isa = PBXGroup;
			children = (
			);
			name = Helper;
			sourceTree = "<group>";
		};
		3BBDC9101CE30A0400103B00 /* Class */ = {
			isa = PBXGroup;
			children = (
				3BBDC9131CE30A9F00103B00 /* RootClass */,
				3BBDC9111CE30A0A00103B00 /* Homepage */,
				3BBDC9211CE30BC100103B00 /* Care */,
			);
			name = Class;
			sourceTree = "<group>";
		};
		3BBDC9111CE30A0A00103B00 /* Homepage */ = {
			isa = PBXGroup;
			children = (
				3BBDC9461CE3251300103B00 /* Controller */,
				3BBDC94A1CE32CDF00103B00 /* View */,
			);
			name = Homepage;
			sourceTree = "<group>";
		};
		3BBDC9131CE30A9F00103B00 /* RootClass */ = {
			isa = PBXGroup;
			children = (
				3BBDC9171CE30B5800103B00 /* SDRootNavigationController.h */,
				3BBDC9181CE30B5800103B00 /* SDRootNavigationController.m */,
				3BBDC91A1CE30B6B00103B00 /* SDRootViewController.h */,
				3BBDC91B1CE30B6B00103B00 /* SDRootViewController.m */,
				3BBDC9251CE30BEF00103B00 /* SDTabBarController.h */,
				3BBDC9261CE30BEF00103B00 /* SDTabBarController.m */,
			);
			name = RootClass;
			sourceTree = "<group>";
		};
		3BBDC9211CE30BC100103B00 /* Care */ = {
			isa = PBXGroup;
			children = (
				3BBDC9221CE30BD300103B00 /* SDCareViewController.h */,
				3BBDC9231CE30BD300103B00 /* SDCareViewController.m */,
			);
			name = Care;
			sourceTree = "<group>";
		};
		3BBDC9461CE3251300103B00 /* Controller */ = {
			isa = PBXGroup;
			children = (
				3BBDC91D1CE30BAF00103B00 /* SDHomepageViewController.h */,
				3BBDC91E1CE30BAF00103B00 /* SDHomepageViewController.m */,
				3BBDC9471CE3255200103B00 /* SDHomeGameDetailViewController.h */,
				3BBDC9481CE3255200103B00 /* SDHomeGameDetailViewController.m */,
			);
			name = Controller;
			sourceTree = "<group>";
		};
		3BBDC94A1CE32CDF00103B00 /* View */ = {
			isa = PBXGroup;
			children = (
				3BBDC94B1CE32CFF00103B00 /* SDHomepageTableViewCell.h */,
				3BBDC94C1CE32CFF00103B00 /* SDHomepageTableViewCell.m */,
				3BBDC94D1CE32CFF00103B00 /* SDHomepageTableViewCell.xib */,
				3BBDC9501CE335F800103B00 /* SDHomepageContentCollectionViewCell.h */,
				3BBDC9511CE335F800103B00 /* SDHomepageContentCollectionViewCell.m */,
				3BBDC9521CE335F800103B00 /* SDHomepageContentCollectionViewCell.xib */,
			);
			name = View;
			sourceTree = "<group>";
		};
/* End PBXGroup section */

/* Begin PBXNativeTarget section */
		3BBDC8EF1CE2FEAC00103B00 /* DouYu */ = {
			isa = PBXNativeTarget;
			buildConfigurationList = 3BBDC9071CE2FEAD00103B00 /* Build configuration list for PBXNativeTarget "DouYu" */;
			buildPhases = (
				3828DBAE64B20880F8934A71 /* Check Pods Manifest.lock */,
				3BBDC8EC1CE2FEAC00103B00 /* Sources */,
				3BBDC8ED1CE2FEAC00103B00 /* Frameworks */,
				3BBDC8EE1CE2FEAC00103B00 /* Resources */,
				DC4601EC724E4E12F8228EB5 /* Embed Pods Frameworks */,
				EA681694F9BC3A56F9460A28 /* Copy Pods Resources */,
			);
			buildRules = (
			);
			dependencies = (
			);
			name = DouYu;
			productName = DouYu;
			productReference = 3BBDC8F01CE2FEAC00103B00 /* DouYu.app */;
			productType = "com.apple.product-type.application";
		};
/* End PBXNativeTarget section */

/* Begin PBXProject section */
		3BBDC8E81CE2FEAC00103B00 /* Project object */ = {
			isa = PBXProject;
			attributes = {
				LastUpgradeCheck = 0720;
				ORGANIZATIONNAME = com.sybercare.enterprise;
				TargetAttributes = {
					3BBDC8EF1CE2FEAC00103B00 = {
						CreatedOnToolsVersion = 7.2.1;
					};
				};
			};
			buildConfigurationList = 3BBDC8EB1CE2FEAC00103B00 /* Build configuration list for PBXProject "DouYu" */;
			compatibilityVersion = "Xcode 3.2";
			developmentRegion = English;
			hasScannedForEncodings = 0;
			knownRegions = (
				en,
				Base,
			);
			mainGroup = 3BBDC8E71CE2FEAC00103B00;
			productRefGroup = 3BBDC8F11CE2FEAC00103B00 /* Products */;
			projectDirPath = "";
			projectRoot = "";
			targets = (
				3BBDC8EF1CE2FEAC00103B00 /* DouYu */,
			);
		};
/* End PBXProject section */

/* Begin PBXResourcesBuildPhase section */
		3BBDC8EE1CE2FEAC00103B00 /* Resources */ = {
			isa = PBXResourcesBuildPhase;
			buildActionMask = 2147483647;
			files = (
				3BBDC94F1CE32CFF00103B00 /* SDHomepageTableViewCell.xib in Resources */,
				3BBDC9031CE2FEAD00103B00 /* LaunchScreen.storyboard in Resources */,
				3BBDC9001CE2FEAD00103B00 /* Assets.xcassets in Resources */,
				3BBDC8FE1CE2FEAD00103B00 /* Main.storyboard in Resources */,
				3BBDC9541CE335F800103B00 /* SDHomepageContentCollectionViewCell.xib in Resources */,
			);
			runOnlyForDeploymentPostprocessing = 0;
		};
/* End PBXResourcesBuildPhase section */

/* Begin PBXShellScriptBuildPhase section */
		3828DBAE64B20880F8934A71 /* Check Pods Manifest.lock */ = {
			isa = PBXShellScriptBuildPhase;
			buildActionMask = 2147483647;
			files = (
			);
			inputPaths = (
			);
			name = "Check Pods Manifest.lock";
			outputPaths = (
			);
			runOnlyForDeploymentPostprocessing = 0;
			shellPath = /bin/sh;
			shellScript = "diff \"${PODS_ROOT}/../Podfile.lock\" \"${PODS_ROOT}/Manifest.lock\" > /dev/null\nif [[ $? != 0 ]] ; then\n    cat << EOM\nerror: The sandbox is not in sync with the Podfile.lock. Run 'pod install' or update your CocoaPods installation.\nEOM\n    exit 1\nfi\n";
			showEnvVarsInLog = 0;
		};
		DC4601EC724E4E12F8228EB5 /* Embed Pods Frameworks */ = {
			isa = PBXShellScriptBuildPhase;
			buildActionMask = 2147483647;
			files = (
			);
			inputPaths = (
			);
			name = "Embed Pods Frameworks";
			outputPaths = (
			);
			runOnlyForDeploymentPostprocessing = 0;
			shellPath = /bin/sh;
			shellScript = "\"${SRCROOT}/Pods/Target Support Files/Pods/Pods-frameworks.sh\"\n";
			showEnvVarsInLog = 0;
		};
		EA681694F9BC3A56F9460A28 /* Copy Pods Resources */ = {
			isa = PBXShellScriptBuildPhase;
			buildActionMask = 2147483647;
			files = (
			);
			inputPaths = (
			);
			name = "Copy Pods Resources";
			outputPaths = (
			);
			runOnlyForDeploymentPostprocessing = 0;
			shellPath = /bin/sh;
			shellScript = "\"${SRCROOT}/Pods/Target Support Files/Pods/Pods-resources.sh\"\n";
			showEnvVarsInLog = 0;
		};
/* End PBXShellScriptBuildPhase section */

/* Begin PBXSourcesBuildPhase section */
		3BBDC8EC1CE2FEAC00103B00 /* Sources */ = {
			isa = PBXSourcesBuildPhase;
			buildActionMask = 2147483647;
			files = (
				3BBDC9191CE30B5800103B00 /* SDRootNavigationController.m in Sources */,
				3BBDC9531CE335F800103B00 /* SDHomepageContentCollectionViewCell.m in Sources */,
				3BBDC8FB1CE2FEAD00103B00 /* ViewController.m in Sources */,
				3BBDC9241CE30BD300103B00 /* SDCareViewController.m in Sources */,
				3BBDC9271CE30BEF00103B00 /* SDTabBarController.m in Sources */,
				3BBDC9491CE3255200103B00 /* SDHomeGameDetailViewController.m in Sources */,
				3BBDC90D1CE2FFF500103B00 /* HTTPRequest.m in Sources */,
				3BBDC8F81CE2FEAD00103B00 /* AppDelegate.m in Sources */,
				3BBDC8F51CE2FEAD00103B00 /* main.m in Sources */,
				3BBDC94E1CE32CFF00103B00 /* SDHomepageTableViewCell.m in Sources */,
				3BBDC91C1CE30B6B00103B00 /* SDRootViewController.m in Sources */,
				3BBDC9451CE3122700103B00 /* SDScrollTogetherView.m in Sources */,
				3BBDC91F1CE30BAF00103B00 /* SDHomepageViewController.m in Sources */,
			);
			runOnlyForDeploymentPostprocessing = 0;
		};
/* End PBXSourcesBuildPhase section */

/* Begin PBXVariantGroup section */
		3BBDC8FC1CE2FEAD00103B00 /* Main.storyboard */ = {
			isa = PBXVariantGroup;
			children = (
				3BBDC8FD1CE2FEAD00103B00 /* Base */,
			);
			name = Main.storyboard;
			sourceTree = "<group>";
		};
		3BBDC9011CE2FEAD00103B00 /* LaunchScreen.storyboard */ = {
			isa = PBXVariantGroup;
			children = (
				3BBDC9021CE2FEAD00103B00 /* Base */,
			);
			name = LaunchScreen.storyboard;
			sourceTree = "<group>";
		};
/* End PBXVariantGroup section */

/* Begin XCBuildConfiguration section */
		3BBDC9051CE2FEAD00103B00 /* Debug */ = {
			isa = XCBuildConfiguration;
			buildSettings = {
				ALWAYS_SEARCH_USER_PATHS = NO;
				CLANG_CXX_LANGUAGE_STANDARD = "gnu++0x";
				CLANG_CXX_LIBRARY = "libc++";
				CLANG_ENABLE_MODULES = YES;
				CLANG_ENABLE_OBJC_ARC = YES;
				CLANG_WARN_BOOL_CONVERSION = YES;
				CLANG_WARN_CONSTANT_CONVERSION = YES;
				CLANG_WARN_DIRECT_OBJC_ISA_USAGE = YES_ERROR;
				CLANG_WARN_EMPTY_BODY = YES;
				CLANG_WARN_ENUM_CONVERSION = YES;
				CLANG_WARN_INT_CONVERSION = YES;
				CLANG_WARN_OBJC_ROOT_CLASS = YES_ERROR;
				CLANG_WARN_UNREACHABLE_CODE = YES;
				CLANG_WARN__DUPLICATE_METHOD_MATCH = YES;
				CODE_SIGN_IDENTITY = "iPhone Developer: Jianye Zhai (GEZJKDGQ9H)";
				"CODE_SIGN_IDENTITY[sdk=iphoneos*]" = "iPhone Developer: Jianye Zhai (GEZJKDGQ9H)";
				COPY_PHASE_STRIP = NO;
				DEBUG_INFORMATION_FORMAT = dwarf;
				ENABLE_STRICT_OBJC_MSGSEND = YES;
				ENABLE_TESTABILITY = YES;
				GCC_C_LANGUAGE_STANDARD = gnu99;
				GCC_DYNAMIC_NO_PIC = NO;
				GCC_NO_COMMON_BLOCKS = YES;
				GCC_OPTIMIZATION_LEVEL = 0;
				GCC_PREPROCESSOR_DEFINITIONS = (
					"DEBUG=1",
					"$(inherited)",
				);
				GCC_WARN_64_TO_32_BIT_CONVERSION = YES;
				GCC_WARN_ABOUT_RETURN_TYPE = YES_ERROR;
				GCC_WARN_UNDECLARED_SELECTOR = YES;
				GCC_WARN_UNINITIALIZED_AUTOS = YES_AGGRESSIVE;
				GCC_WARN_UNUSED_FUNCTION = YES;
				GCC_WARN_UNUSED_VARIABLE = YES;
				IPHONEOS_DEPLOYMENT_TARGET = 9.2;
				MTL_ENABLE_DEBUG_INFO = YES;
				ONLY_ACTIVE_ARCH = YES;
				PROVISIONING_PROFILE = "1352be60-7796-4a95-aec0-6d3c8b142c80";
				SDKROOT = iphoneos;
			};
			name = Debug;
		};
		3BBDC9061CE2FEAD00103B00 /* Release */ = {
			isa = XCBuildConfiguration;
			buildSettings = {
				ALWAYS_SEARCH_USER_PATHS = NO;
				CLANG_CXX_LANGUAGE_STANDARD = "gnu++0x";
				CLANG_CXX_LIBRARY = "libc++";
				CLANG_ENABLE_MODULES = YES;
				CLANG_ENABLE_OBJC_ARC = YES;
				CLANG_WARN_BOOL_CONVERSION = YES;
				CLANG_WARN_CONSTANT_CONVERSION = YES;
				CLANG_WARN_DIRECT_OBJC_ISA_USAGE = YES_ERROR;
				CLANG_WARN_EMPTY_BODY = YES;
				CLANG_WARN_ENUM_CONVERSION = YES;
				CLANG_WARN_INT_CONVERSION = YES;
				CLANG_WARN_OBJC_ROOT_CLASS = YES_ERROR;
				CLANG_WARN_UNREACHABLE_CODE = YES;
				CLANG_WARN__DUPLICATE_METHOD_MATCH = YES;
				CODE_SIGN_IDENTITY = "iPhone Developer: Jianye Zhai (GEZJKDGQ9H)";
				"CODE_SIGN_IDENTITY[sdk=iphoneos*]" = "iPhone Developer: Jianye Zhai (GEZJKDGQ9H)";
				COPY_PHASE_STRIP = NO;
				DEBUG_INFORMATION_FORMAT = "dwarf-with-dsym";
				ENABLE_NS_ASSERTIONS = NO;
				ENABLE_STRICT_OBJC_MSGSEND = YES;
				GCC_C_LANGUAGE_STANDARD = gnu99;
				GCC_NO_COMMON_BLOCKS = YES;
				GCC_WARN_64_TO_32_BIT_CONVERSION = YES;
				GCC_WARN_ABOUT_RETURN_TYPE = YES_ERROR;
				GCC_WARN_UNDECLARED_SELECTOR = YES;
				GCC_WARN_UNINITIALIZED_AUTOS = YES_AGGRESSIVE;
				GCC_WARN_UNUSED_FUNCTION = YES;
				GCC_WARN_UNUSED_VARIABLE = YES;
				IPHONEOS_DEPLOYMENT_TARGET = 9.2;
				MTL_ENABLE_DEBUG_INFO = NO;
				PROVISIONING_PROFILE = "1352be60-7796-4a95-aec0-6d3c8b142c80";
				SDKROOT = iphoneos;
				VALIDATE_PRODUCT = YES;
			};
			name = Release;
		};
		3BBDC9081CE2FEAD00103B00 /* Debug */ = {
			isa = XCBuildConfiguration;
			baseConfigurationReference = 1CE525FFF3FEB8003EC5ACA1 /* Pods.debug.xcconfig */;
			buildSettings = {
				ASSETCATALOG_COMPILER_APPICON_NAME = AppIcon;
				GCC_PRECOMPILE_PREFIX_HEADER = YES;
				GCC_PREFIX_HEADER = "DouYu/DouYu-Prefix.pch";
				INFOPLIST_FILE = DouYu/Info.plist;
				IPHONEOS_DEPLOYMENT_TARGET = 8.0;
				LD_RUNPATH_SEARCH_PATHS = "$(inherited) @executable_path/Frameworks";
				PRODUCT_BUNDLE_IDENTIFIER = com.sybercare.enterprise.DouYu;
				PRODUCT_NAME = "$(TARGET_NAME)";
			};
			name = Debug;
		};
		3BBDC9091CE2FEAD00103B00 /* Release */ = {
			isa = XCBuildConfiguration;
			baseConfigurationReference = 61025744918BBD14E1E1D067 /* Pods.release.xcconfig */;
			buildSettings = {
				ASSETCATALOG_COMPILER_APPICON_NAME = AppIcon;
				GCC_PRECOMPILE_PREFIX_HEADER = YES;
				GCC_PREFIX_HEADER = "DouYu/DouYu-Prefix.pch";
				INFOPLIST_FILE = DouYu/Info.plist;
				IPHONEOS_DEPLOYMENT_TARGET = 8.0;
				LD_RUNPATH_SEARCH_PATHS = "$(inherited) @executable_path/Frameworks";
				PRODUCT_BUNDLE_IDENTIFIER = com.sybercare.enterprise.DouYu;
				PRODUCT_NAME = "$(TARGET_NAME)";
			};
			name = Release;
		};
/* End XCBuildConfiguration section */

/* Begin XCConfigurationList section */
		3BBDC8EB1CE2FEAC00103B00 /* Build configuration list for PBXProject "DouYu" */ = {
			isa = XCConfigurationList;
			buildConfigurations = (
				3BBDC9051CE2FEAD00103B00 /* Debug */,
				3BBDC9061CE2FEAD00103B00 /* Release */,
			);
			defaultConfigurationIsVisible = 0;
			defaultConfigurationName = Release;
		};
		3BBDC9071CE2FEAD00103B00 /* Build configuration list for PBXNativeTarget "DouYu" */ = {
			isa = XCConfigurationList;
			buildConfigurations = (
				3BBDC9081CE2FEAD00103B00 /* Debug */,
				3BBDC9091CE2FEAD00103B00 /* Release */,
			);
			defaultConfigurationIsVisible = 0;
			defaultConfigurationName = Release;
		};
/* End XCConfigurationList section */
	};
	rootObject = 3BBDC8E81CE2FEAC00103B00 /* Project object */;
}
