// !$*UTF8*$!
{
	archiveVersion = 1;
	classes = {
	};
	objectVersion = 46;
	objects = {

/* Begin PBXBuildFile section */
		3B469B151CCF282E00E8833D /* main.m in Sources */ = {isa = PBXBuildFile; fileRef = 3B469B141CCF282E00E8833D /* main.m */; };
		3B469B181CCF282E00E8833D /* AppDelegate.m in Sources */ = {isa = PBXBuildFile; fileRef = 3B469B171CCF282E00E8833D /* AppDelegate.m */; };
		3B469B1B1CCF282E00E8833D /* ViewController.m in Sources */ = {isa = PBXBuildFile; fileRef = 3B469B1A1CCF282E00E8833D /* ViewController.m */; };
		3B469B1E1CCF282E00E8833D /* Main.storyboard in Resources */ = {isa = PBXBuildFile; fileRef = 3B469B1C1CCF282E00E8833D /* Main.storyboard */; };
		3B469B201CCF282E00E8833D /* Assets.xcassets in Resources */ = {isa = PBXBuildFile; fileRef = 3B469B1F1CCF282E00E8833D /* Assets.xcassets */; };
		3B469B231CCF282E00E8833D /* LaunchScreen.storyboard in Resources */ = {isa = PBXBuildFile; fileRef = 3B469B211CCF282E00E8833D /* LaunchScreen.storyboard */; };
		3B469B2C1CCF30D200E8833D /* SecondViewController.m in Sources */ = {isa = PBXBuildFile; fileRef = 3B469B2B1CCF30D200E8833D /* SecondViewController.m */; };
		3B469B2F1CCF311300E8833D /* TableViewController.m in Sources */ = {isa = PBXBuildFile; fileRef = 3B469B2E1CCF311300E8833D /* TableViewController.m */; };
		3B469B311CCF319A00E8833D /* animaiton.plist in Resources */ = {isa = PBXBuildFile; fileRef = 3B469B301CCF319A00E8833D /* animaiton.plist */; };
		3B469B341CCF345800E8833D /* RootViewController.m in Sources */ = {isa = PBXBuildFile; fileRef = 3B469B331CCF345800E8833D /* RootViewController.m */; };
		3B469B3A1CCF388100E8833D /* cutecat.png in Resources */ = {isa = PBXBuildFile; fileRef = 3B469B391CCF388100E8833D /* cutecat.png */; };
		3B79D4F31CD0703200724E34 /* AnimationView.m in Sources */ = {isa = PBXBuildFile; fileRef = 3B79D4F21CD0703200724E34 /* AnimationView.m */; };
/* End PBXBuildFile section */

/* Begin PBXFileReference section */
		3B469B101CCF282E00E8833D /* SDAnimation.app */ = {isa = PBXFileReference; explicitFileType = wrapper.application; includeInIndex = 0; path = SDAnimation.app; sourceTree = BUILT_PRODUCTS_DIR; };
		3B469B141CCF282E00E8833D /* main.m */ = {isa = PBXFileReference; lastKnownFileType = sourcecode.c.objc; path = main.m; sourceTree = "<group>"; };
		3B469B161CCF282E00E8833D /* AppDelegate.h */ = {isa = PBXFileReference; lastKnownFileType = sourcecode.c.h; path = AppDelegate.h; sourceTree = "<group>"; };
		3B469B171CCF282E00E8833D /* AppDelegate.m */ = {isa = PBXFileReference; lastKnownFileType = sourcecode.c.objc; path = AppDelegate.m; sourceTree = "<group>"; };
		3B469B191CCF282E00E8833D /* ViewController.h */ = {isa = PBXFileReference; lastKnownFileType = sourcecode.c.h; path = ViewController.h; sourceTree = "<group>"; };
		3B469B1A1CCF282E00E8833D /* ViewController.m */ = {isa = PBXFileReference; lastKnownFileType = sourcecode.c.objc; path = ViewController.m; sourceTree = "<group>"; };
		3B469B1D1CCF282E00E8833D /* Base */ = {isa = PBXFileReference; lastKnownFileType = file.storyboard; name = Base; path = Base.lproj/Main.storyboard; sourceTree = "<group>"; };
		3B469B1F1CCF282E00E8833D /* Assets.xcassets */ = {isa = PBXFileReference; lastKnownFileType = folder.assetcatalog; path = Assets.xcassets; sourceTree = "<group>"; };
		3B469B221CCF282E00E8833D /* Base */ = {isa = PBXFileReference; lastKnownFileType = file.storyboard; name = Base; path = Base.lproj/LaunchScreen.storyboard; sourceTree = "<group>"; };
		3B469B241CCF282E00E8833D /* Info.plist */ = {isa = PBXFileReference; lastKnownFileType = text.plist.xml; path = Info.plist; sourceTree = "<group>"; };
		3B469B2A1CCF30D200E8833D /* SecondViewController.h */ = {isa = PBXFileReference; fileEncoding = 4; lastKnownFileType = sourcecode.c.h; path = SecondViewController.h; sourceTree = "<group>"; };
		3B469B2B1CCF30D200E8833D /* SecondViewController.m */ = {isa = PBXFileReference; fileEncoding = 4; lastKnownFileType = sourcecode.c.objc; path = SecondViewController.m; sourceTree = "<group>"; };
		3B469B2D1CCF311300E8833D /* TableViewController.h */ = {isa = PBXFileReference; fileEncoding = 4; lastKnownFileType = sourcecode.c.h; path = TableViewController.h; sourceTree = "<group>"; };
		3B469B2E1CCF311300E8833D /* TableViewController.m */ = {isa = PBXFileReference; fileEncoding = 4; lastKnownFileType = sourcecode.c.objc; path = TableViewController.m; sourceTree = "<group>"; };
		3B469B301CCF319A00E8833D /* animaiton.plist */ = {isa = PBXFileReference; fileEncoding = 4; lastKnownFileType = text.plist.xml; path = animaiton.plist; sourceTree = "<group>"; };
		3B469B321CCF345800E8833D /* RootViewController.h */ = {isa = PBXFileReference; fileEncoding = 4; lastKnownFileType = sourcecode.c.h; path = RootViewController.h; sourceTree = "<group>"; };
		3B469B331CCF345800E8833D /* RootViewController.m */ = {isa = PBXFileReference; fileEncoding = 4; lastKnownFileType = sourcecode.c.objc; path = RootViewController.m; sourceTree = "<group>"; };
		3B469B391CCF388100E8833D /* cutecat.png */ = {isa = PBXFileReference; lastKnownFileType = image.png; path = cutecat.png; sourceTree = "<group>"; };
		3B79D4F01CD06EDE00724E34 /* SDAniamtion-Prefix.pch */ = {isa = PBXFileReference; lastKnownFileType = sourcecode.c.h; path = "SDAniamtion-Prefix.pch"; sourceTree = "<group>"; };
		3B79D4F11CD0703200724E34 /* AnimationView.h */ = {isa = PBXFileReference; fileEncoding = 4; lastKnownFileType = sourcecode.c.h; path = AnimationView.h; sourceTree = "<group>"; };
		3B79D4F21CD0703200724E34 /* AnimationView.m */ = {isa = PBXFileReference; fileEncoding = 4; lastKnownFileType = sourcecode.c.objc; path = AnimationView.m; sourceTree = "<group>"; };
/* End PBXFileReference section */

/* Begin PBXFrameworksBuildPhase section */
		3B469B0D1CCF282E00E8833D /* Frameworks */ = {
			isa = PBXFrameworksBuildPhase;
			buildActionMask = 2147483647;
			files = (
			);
			runOnlyForDeploymentPostprocessing = 0;
		};
/* End PBXFrameworksBuildPhase section */

/* Begin PBXGroup section */
		3B469B071CCF282E00E8833D = {
			isa = PBXGroup;
			children = (
				3B469B121CCF282E00E8833D /* SDAnimation */,
				3B469B111CCF282E00E8833D /* Products */,
			);
			sourceTree = "<group>";
		};
		3B469B111CCF282E00E8833D /* Products */ = {
			isa = PBXGroup;
			children = (
				3B469B101CCF282E00E8833D /* SDAnimation.app */,
			);
			name = Products;
			sourceTree = "<group>";
		};
		3B469B121CCF282E00E8833D /* SDAnimation */ = {
			isa = PBXGroup;
			children = (
				3B469B161CCF282E00E8833D /* AppDelegate.h */,
				3B469B171CCF282E00E8833D /* AppDelegate.m */,
				3B469B2D1CCF311300E8833D /* TableViewController.h */,
				3B469B2E1CCF311300E8833D /* TableViewController.m */,
				3B469B321CCF345800E8833D /* RootViewController.h */,
				3B469B331CCF345800E8833D /* RootViewController.m */,
				3B469B191CCF282E00E8833D /* ViewController.h */,
				3B469B1A1CCF282E00E8833D /* ViewController.m */,
				3B79D4F11CD0703200724E34 /* AnimationView.h */,
				3B79D4F21CD0703200724E34 /* AnimationView.m */,
				3B469B2A1CCF30D200E8833D /* SecondViewController.h */,
				3B469B2B1CCF30D200E8833D /* SecondViewController.m */,
				3B469B391CCF388100E8833D /* cutecat.png */,
				3B469B1C1CCF282E00E8833D /* Main.storyboard */,
				3B469B1F1CCF282E00E8833D /* Assets.xcassets */,
				3B469B211CCF282E00E8833D /* LaunchScreen.storyboard */,
				3B469B241CCF282E00E8833D /* Info.plist */,
				3B469B301CCF319A00E8833D /* animaiton.plist */,
				3B469B131CCF282E00E8833D /* Supporting Files */,
			);
			path = SDAnimation;
			sourceTree = "<group>";
		};
		3B469B131CCF282E00E8833D /* Supporting Files */ = {
			isa = PBXGroup;
			children = (
				3B469B141CCF282E00E8833D /* main.m */,
				3B79D4F01CD06EDE00724E34 /* SDAniamtion-Prefix.pch */,
			);
			name = "Supporting Files";
			sourceTree = "<group>";
		};
/* End PBXGroup section */

/* Begin PBXNativeTarget section */
		3B469B0F1CCF282E00E8833D /* SDAnimation */ = {
			isa = PBXNativeTarget;
			buildConfigurationList = 3B469B271CCF282E00E8833D /* Build configuration list for PBXNativeTarget "SDAnimation" */;
			buildPhases = (
				3B469B0C1CCF282E00E8833D /* Sources */,
				3B469B0D1CCF282E00E8833D /* Frameworks */,
				3B469B0E1CCF282E00E8833D /* Resources */,
			);
			buildRules = (
			);
			dependencies = (
			);
			name = SDAnimation;
			productName = SDAnimation;
			productReference = 3B469B101CCF282E00E8833D /* SDAnimation.app */;
			productType = "com.apple.product-type.application";
		};
/* End PBXNativeTarget section */

/* Begin PBXProject section */
		3B469B081CCF282E00E8833D /* Project object */ = {
			isa = PBXProject;
			attributes = {
				LastUpgradeCheck = 0720;
				ORGANIZATIONNAME = com.sybercare.enterprise;
				TargetAttributes = {
					3B469B0F1CCF282E00E8833D = {
						CreatedOnToolsVersion = 7.2.1;
						SystemCapabilities = {
							com.apple.BackgroundModes = {
								enabled = 1;
							};
						};
					};
				};
			};
			buildConfigurationList = 3B469B0B1CCF282E00E8833D /* Build configuration list for PBXProject "SDAnimation" */;
			compatibilityVersion = "Xcode 3.2";
			developmentRegion = English;
			hasScannedForEncodings = 0;
			knownRegions = (
				en,
				Base,
			);
			mainGroup = 3B469B071CCF282E00E8833D;
			productRefGroup = 3B469B111CCF282E00E8833D /* Products */;
			projectDirPath = "";
			projectRoot = "";
			targets = (
				3B469B0F1CCF282E00E8833D /* SDAnimation */,
			);
		};
/* End PBXProject section */

/* Begin PBXResourcesBuildPhase section */
		3B469B0E1CCF282E00E8833D /* Resources */ = {
			isa = PBXResourcesBuildPhase;
			buildActionMask = 2147483647;
			files = (
				3B469B231CCF282E00E8833D /* LaunchScreen.storyboard in Resources */,
				3B469B311CCF319A00E8833D /* animaiton.plist in Resources */,
				3B469B201CCF282E00E8833D /* Assets.xcassets in Resources */,
				3B469B1E1CCF282E00E8833D /* Main.storyboard in Resources */,
				3B469B3A1CCF388100E8833D /* cutecat.png in Resources */,
			);
			runOnlyForDeploymentPostprocessing = 0;
		};
/* End PBXResourcesBuildPhase section */

/* Begin PBXSourcesBuildPhase section */
		3B469B0C1CCF282E00E8833D /* Sources */ = {
			isa = PBXSourcesBuildPhase;
			buildActionMask = 2147483647;
			files = (
				3B469B2C1CCF30D200E8833D /* SecondViewController.m in Sources */,
				3B79D4F31CD0703200724E34 /* AnimationView.m in Sources */,
				3B469B1B1CCF282E00E8833D /* ViewController.m in Sources */,
				3B469B341CCF345800E8833D /* RootViewController.m in Sources */,
				3B469B181CCF282E00E8833D /* AppDelegate.m in Sources */,
				3B469B2F1CCF311300E8833D /* TableViewController.m in Sources */,
				3B469B151CCF282E00E8833D /* main.m in Sources */,
			);
			runOnlyForDeploymentPostprocessing = 0;
		};
/* End PBXSourcesBuildPhase section */

/* Begin PBXVariantGroup section */
		3B469B1C1CCF282E00E8833D /* Main.storyboard */ = {
			isa = PBXVariantGroup;
			children = (
				3B469B1D1CCF282E00E8833D /* Base */,
			);
			name = Main.storyboard;
			sourceTree = "<group>";
		};
		3B469B211CCF282E00E8833D /* LaunchScreen.storyboard */ = {
			isa = PBXVariantGroup;
			children = (
				3B469B221CCF282E00E8833D /* Base */,
			);
			name = LaunchScreen.storyboard;
			sourceTree = "<group>";
		};
/* End PBXVariantGroup section */

/* Begin XCBuildConfiguration section */
		3B469B251CCF282E00E8833D /* Debug */ = {
			isa = XCBuildConfiguration;
			buildSettings = {
				ALWAYS_SEARCH_USER_PATHS = NO;
				CLANG_CXX_LANGUAGE_STANDARD = "gnu++0x";
				CLANG_CXX_LIBRARY = "libc++";
				CLANG_ENABLE_MODULES = YES;
				CLANG_ENABLE_OBJC_ARC = YES;
				CLANG_WARN_BOOL_CONVERSION = YES;
				CLANG_WARN_CONSTANT_CONVERSION = YES;
				CLANG_WARN_DIRECT_OBJC_ISA_USAGE = YES_ERROR;
				CLANG_WARN_EMPTY_BODY = YES;
				CLANG_WARN_ENUM_CONVERSION = YES;
				CLANG_WARN_INT_CONVERSION = YES;
				CLANG_WARN_OBJC_ROOT_CLASS = YES_ERROR;
				CLANG_WARN_UNREACHABLE_CODE = YES;
				CLANG_WARN__DUPLICATE_METHOD_MATCH = YES;
				"CODE_SIGN_IDENTITY[sdk=iphoneos*]" = "iPhone Developer";
				COPY_PHASE_STRIP = NO;
				DEBUG_INFORMATION_FORMAT = dwarf;
				ENABLE_STRICT_OBJC_MSGSEND = YES;
				ENABLE_TESTABILITY = YES;
				GCC_C_LANGUAGE_STANDARD = gnu99;
				GCC_DYNAMIC_NO_PIC = NO;
				GCC_NO_COMMON_BLOCKS = YES;
				GCC_OPTIMIZATION_LEVEL = 0;
				GCC_PREPROCESSOR_DEFINITIONS = (
					"DEBUG=1",
					"$(inherited)",
				);
				GCC_WARN_64_TO_32_BIT_CONVERSION = YES;
				GCC_WARN_ABOUT_RETURN_TYPE = YES_ERROR;
				GCC_WARN_UNDECLARED_SELECTOR = YES;
				GCC_WARN_UNINITIALIZED_AUTOS = YES_AGGRESSIVE;
				GCC_WARN_UNUSED_FUNCTION = YES;
				GCC_WARN_UNUSED_VARIABLE = YES;
				IPHONEOS_DEPLOYMENT_TARGET = 9.2;
				MTL_ENABLE_DEBUG_INFO = YES;
				ONLY_ACTIVE_ARCH = YES;
				SDKROOT = iphoneos;
				TARGETED_DEVICE_FAMILY = "1,2";
			};
			name = Debug;
		};
		3B469B261CCF282E00E8833D /* Release */ = {
			isa = XCBuildConfiguration;
			buildSettings = {
				ALWAYS_SEARCH_USER_PATHS = NO;
				CLANG_CXX_LANGUAGE_STANDARD = "gnu++0x";
				CLANG_CXX_LIBRARY = "libc++";
				CLANG_ENABLE_MODULES = YES;
				CLANG_ENABLE_OBJC_ARC = YES;
				CLANG_WARN_BOOL_CONVERSION = YES;
				CLANG_WARN_CONSTANT_CONVERSION = YES;
				CLANG_WARN_DIRECT_OBJC_ISA_USAGE = YES_ERROR;
				CLANG_WARN_EMPTY_BODY = YES;
				CLANG_WARN_ENUM_CONVERSION = YES;
				CLANG_WARN_INT_CONVERSION = YES;
				CLANG_WARN_OBJC_ROOT_CLASS = YES_ERROR;
				CLANG_WARN_UNREACHABLE_CODE = YES;
				CLANG_WARN__DUPLICATE_METHOD_MATCH = YES;
				"CODE_SIGN_IDENTITY[sdk=iphoneos*]" = "iPhone Developer";
				COPY_PHASE_STRIP = NO;
				DEBUG_INFORMATION_FORMAT = "dwarf-with-dsym";
				ENABLE_NS_ASSERTIONS = NO;
				ENABLE_STRICT_OBJC_MSGSEND = YES;
				GCC_C_LANGUAGE_STANDARD = gnu99;
				GCC_NO_COMMON_BLOCKS = YES;
				GCC_WARN_64_TO_32_BIT_CONVERSION = YES;
				GCC_WARN_ABOUT_RETURN_TYPE = YES_ERROR;
				GCC_WARN_UNDECLARED_SELECTOR = YES;
				GCC_WARN_UNINITIALIZED_AUTOS = YES_AGGRESSIVE;
				GCC_WARN_UNUSED_FUNCTION = YES;
				GCC_WARN_UNUSED_VARIABLE = YES;
				IPHONEOS_DEPLOYMENT_TARGET = 9.2;
				MTL_ENABLE_DEBUG_INFO = NO;
				SDKROOT = iphoneos;
				TARGETED_DEVICE_FAMILY = "1,2";
				VALIDATE_PRODUCT = YES;
			};
			name = Release;
		};
		3B469B281CCF282E00E8833D /* Debug */ = {
			isa = XCBuildConfiguration;
			buildSettings = {
				ASSETCATALOG_COMPILER_APPICON_NAME = AppIcon;
				GCC_PRECOMPILE_PREFIX_HEADER = YES;
				GCC_PREFIX_HEADER = "SDAnimation/SDAniamtion-Prefix.pch";
				INFOPLIST_FILE = SDAnimation/Info.plist;
				IPHONEOS_DEPLOYMENT_TARGET = 8.3;
				LD_RUNPATH_SEARCH_PATHS = "$(inherited) @executable_path/Frameworks";
				PRODUCT_BUNDLE_IDENTIFIER = com.sybercare.enterprise.SDAnimation;
				PRODUCT_NAME = "$(TARGET_NAME)";
			};
			name = Debug;
		};
		3B469B291CCF282E00E8833D /* Release */ = {
			isa = XCBuildConfiguration;
			buildSettings = {
				ASSETCATALOG_COMPILER_APPICON_NAME = AppIcon;
				GCC_PRECOMPILE_PREFIX_HEADER = YES;
				GCC_PREFIX_HEADER = "SDAnimation/SDAniamtion-Prefix.pch";
				INFOPLIST_FILE = SDAnimation/Info.plist;
				IPHONEOS_DEPLOYMENT_TARGET = 8.3;
				LD_RUNPATH_SEARCH_PATHS = "$(inherited) @executable_path/Frameworks";
				PRODUCT_BUNDLE_IDENTIFIER = com.sybercare.enterprise.SDAnimation;
				PRODUCT_NAME = "$(TARGET_NAME)";
			};
			name = Release;
		};
/* End XCBuildConfiguration section */

/* Begin XCConfigurationList section */
		3B469B0B1CCF282E00E8833D /* Build configuration list for PBXProject "SDAnimation" */ = {
			isa = XCConfigurationList;
			buildConfigurations = (
				3B469B251CCF282E00E8833D /* Debug */,
				3B469B261CCF282E00E8833D /* Release */,
			);
			defaultConfigurationIsVisible = 0;
			defaultConfigurationName = Release;
		};
		3B469B271CCF282E00E8833D /* Build configuration list for PBXNativeTarget "SDAnimation" */ = {
			isa = XCConfigurationList;
			buildConfigurations = (
				3B469B281CCF282E00E8833D /* Debug */,
				3B469B291CCF282E00E8833D /* Release */,
			);
			defaultConfigurationIsVisible = 0;
			defaultConfigurationName = Release;
		};
/* End XCConfigurationList section */
	};
	rootObject = 3B469B081CCF282E00E8833D /* Project object */;
}
