// !$*UTF8*$!
{
	archiveVersion = 1;
	classes = {
	};
	objectVersion = 46;
	objects = {

/* Begin PBXBuildFile section */
		3B03CBD21CE195280011A03F /* main.m in Sources */ = {isa = PBXBuildFile; fileRef = 3B03CBD11CE195280011A03F /* main.m */; };
		3B03CBD51CE195280011A03F /* AppDelegate.m in Sources */ = {isa = PBXBuildFile; fileRef = 3B03CBD41CE195280011A03F /* AppDelegate.m */; };
		3B03CBD81CE195280011A03F /* ViewController.m in Sources */ = {isa = PBXBuildFile; fileRef = 3B03CBD71CE195280011A03F /* ViewController.m */; };
		3B03CBDB1CE195280011A03F /* Main.storyboard in Resources */ = {isa = PBXBuildFile; fileRef = 3B03CBD91CE195280011A03F /* Main.storyboard */; };
		3B03CBDD1CE195280011A03F /* Assets.xcassets in Resources */ = {isa = PBXBuildFile; fileRef = 3B03CBDC1CE195280011A03F /* Assets.xcassets */; };
		3B03CBE01CE195280011A03F /* LaunchScreen.storyboard in Resources */ = {isa = PBXBuildFile; fileRef = 3B03CBDE1CE195280011A03F /* LaunchScreen.storyboard */; };
/* End PBXBuildFile section */

/* Begin PBXFileReference section */
		3B03CBCD1CE195280011A03F /* SPC.app */ = {isa = PBXFileReference; explicitFileType = wrapper.application; includeInIndex = 0; path = SPC.app; sourceTree = BUILT_PRODUCTS_DIR; };
		3B03CBD11CE195280011A03F /* main.m */ = {isa = PBXFileReference; lastKnownFileType = sourcecode.c.objc; path = main.m; sourceTree = "<group>"; };
		3B03CBD31CE195280011A03F /* AppDelegate.h */ = {isa = PBXFileReference; lastKnownFileType = sourcecode.c.h; path = AppDelegate.h; sourceTree = "<group>"; };
		3B03CBD41CE195280011A03F /* AppDelegate.m */ = {isa = PBXFileReference; lastKnownFileType = sourcecode.c.objc; path = AppDelegate.m; sourceTree = "<group>"; };
		3B03CBD61CE195280011A03F /* ViewController.h */ = {isa = PBXFileReference; lastKnownFileType = sourcecode.c.h; path = ViewController.h; sourceTree = "<group>"; };
		3B03CBD71CE195280011A03F /* ViewController.m */ = {isa = PBXFileReference; lastKnownFileType = sourcecode.c.objc; path = ViewController.m; sourceTree = "<group>"; };
		3B03CBDA1CE195280011A03F /* Base */ = {isa = PBXFileReference; lastKnownFileType = file.storyboard; name = Base; path = Base.lproj/Main.storyboard; sourceTree = "<group>"; };
		3B03CBDC1CE195280011A03F /* Assets.xcassets */ = {isa = PBXFileReference; lastKnownFileType = folder.assetcatalog; path = Assets.xcassets; sourceTree = "<group>"; };
		3B03CBDF1CE195280011A03F /* Base */ = {isa = PBXFileReference; lastKnownFileType = file.storyboard; name = Base; path = Base.lproj/LaunchScreen.storyboard; sourceTree = "<group>"; };
		3B03CBE11CE195280011A03F /* Info.plist */ = {isa = PBXFileReference; lastKnownFileType = text.plist.xml; path = Info.plist; sourceTree = "<group>"; };
/* End PBXFileReference section */

/* Begin PBXFrameworksBuildPhase section */
		3B03CBCA1CE195280011A03F /* Frameworks */ = {
			isa = PBXFrameworksBuildPhase;
			buildActionMask = 2147483647;
			files = (
			);
			runOnlyForDeploymentPostprocessing = 0;
		};
/* End PBXFrameworksBuildPhase section */

/* Begin PBXGroup section */
		3B03CBC41CE195280011A03F = {
			isa = PBXGroup;
			children = (
				3B03CBCF1CE195280011A03F /* SPC */,
				3B03CBCE1CE195280011A03F /* Products */,
			);
			sourceTree = "<group>";
		};
		3B03CBCE1CE195280011A03F /* Products */ = {
			isa = PBXGroup;
			children = (
				3B03CBCD1CE195280011A03F /* SPC.app */,
			);
			name = Products;
			sourceTree = "<group>";
		};
		3B03CBCF1CE195280011A03F /* SPC */ = {
			isa = PBXGroup;
			children = (
				3B03CBD31CE195280011A03F /* AppDelegate.h */,
				3B03CBD41CE195280011A03F /* AppDelegate.m */,
				3B03CBD61CE195280011A03F /* ViewController.h */,
				3B03CBD71CE195280011A03F /* ViewController.m */,
				3B03CBD91CE195280011A03F /* Main.storyboard */,
				3B03CBDC1CE195280011A03F /* Assets.xcassets */,
				3B03CBDE1CE195280011A03F /* LaunchScreen.storyboard */,
				3B03CBE11CE195280011A03F /* Info.plist */,
				3B03CBD01CE195280011A03F /* Supporting Files */,
			);
			path = SPC;
			sourceTree = "<group>";
		};
		3B03CBD01CE195280011A03F /* Supporting Files */ = {
			isa = PBXGroup;
			children = (
				3B03CBD11CE195280011A03F /* main.m */,
			);
			name = "Supporting Files";
			sourceTree = "<group>";
		};
/* End PBXGroup section */

/* Begin PBXNativeTarget section */
		3B03CBCC1CE195280011A03F /* SPC */ = {
			isa = PBXNativeTarget;
			buildConfigurationList = 3B03CBE41CE195280011A03F /* Build configuration list for PBXNativeTarget "SPC" */;
			buildPhases = (
				3B03CBC91CE195280011A03F /* Sources */,
				3B03CBCA1CE195280011A03F /* Frameworks */,
				3B03CBCB1CE195280011A03F /* Resources */,
			);
			buildRules = (
			);
			dependencies = (
			);
			name = SPC;
			productName = SPC;
			productReference = 3B03CBCD1CE195280011A03F /* SPC.app */;
			productType = "com.apple.product-type.application";
		};
/* End PBXNativeTarget section */

/* Begin PBXProject section */
		3B03CBC51CE195280011A03F /* Project object */ = {
			isa = PBXProject;
			attributes = {
				LastUpgradeCheck = 0720;
				ORGANIZATIONNAME = com.sybercare.enterprise;
				TargetAttributes = {
					3B03CBCC1CE195280011A03F = {
						CreatedOnToolsVersion = 7.2.1;
					};
				};
			};
			buildConfigurationList = 3B03CBC81CE195280011A03F /* Build configuration list for PBXProject "SPC" */;
			compatibilityVersion = "Xcode 3.2";
			developmentRegion = English;
			hasScannedForEncodings = 0;
			knownRegions = (
				en,
				Base,
			);
			mainGroup = 3B03CBC41CE195280011A03F;
			productRefGroup = 3B03CBCE1CE195280011A03F /* Products */;
			projectDirPath = "";
			projectRoot = "";
			targets = (
				3B03CBCC1CE195280011A03F /* SPC */,
			);
		};
/* End PBXProject section */

/* Begin PBXResourcesBuildPhase section */
		3B03CBCB1CE195280011A03F /* Resources */ = {
			isa = PBXResourcesBuildPhase;
			buildActionMask = 2147483647;
			files = (
				3B03CBE01CE195280011A03F /* LaunchScreen.storyboard in Resources */,
				3B03CBDD1CE195280011A03F /* Assets.xcassets in Resources */,
				3B03CBDB1CE195280011A03F /* Main.storyboard in Resources */,
			);
			runOnlyForDeploymentPostprocessing = 0;
		};
/* End PBXResourcesBuildPhase section */

/* Begin PBXSourcesBuildPhase section */
		3B03CBC91CE195280011A03F /* Sources */ = {
			isa = PBXSourcesBuildPhase;
			buildActionMask = 2147483647;
			files = (
				3B03CBD81CE195280011A03F /* ViewController.m in Sources */,
				3B03CBD51CE195280011A03F /* AppDelegate.m in Sources */,
				3B03CBD21CE195280011A03F /* main.m in Sources */,
			);
			runOnlyForDeploymentPostprocessing = 0;
		};
/* End PBXSourcesBuildPhase section */

/* Begin PBXVariantGroup section */
		3B03CBD91CE195280011A03F /* Main.storyboard */ = {
			isa = PBXVariantGroup;
			children = (
				3B03CBDA1CE195280011A03F /* Base */,
			);
			name = Main.storyboard;
			sourceTree = "<group>";
		};
		3B03CBDE1CE195280011A03F /* LaunchScreen.storyboard */ = {
			isa = PBXVariantGroup;
			children = (
				3B03CBDF1CE195280011A03F /* Base */,
			);
			name = LaunchScreen.storyboard;
			sourceTree = "<group>";
		};
/* End PBXVariantGroup section */

/* Begin XCBuildConfiguration section */
		3B03CBE21CE195280011A03F /* Debug */ = {
			isa = XCBuildConfiguration;
			buildSettings = {
				ALWAYS_SEARCH_USER_PATHS = NO;
				CLANG_CXX_LANGUAGE_STANDARD = "gnu++0x";
				CLANG_CXX_LIBRARY = "libc++";
				CLANG_ENABLE_MODULES = YES;
				CLANG_ENABLE_OBJC_ARC = YES;
				CLANG_WARN_BOOL_CONVERSION = YES;
				CLANG_WARN_CONSTANT_CONVERSION = YES;
				CLANG_WARN_DIRECT_OBJC_ISA_USAGE = YES_ERROR;
				CLANG_WARN_EMPTY_BODY = YES;
				CLANG_WARN_ENUM_CONVERSION = YES;
				CLANG_WARN_INT_CONVERSION = YES;
				CLANG_WARN_OBJC_ROOT_CLASS = YES_ERROR;
				CLANG_WARN_UNREACHABLE_CODE = YES;
				CLANG_WARN__DUPLICATE_METHOD_MATCH = YES;
				"CODE_SIGN_IDENTITY[sdk=iphoneos*]" = "iPhone Developer";
				COPY_PHASE_STRIP = NO;
				DEBUG_INFORMATION_FORMAT = dwarf;
				ENABLE_STRICT_OBJC_MSGSEND = YES;
				ENABLE_TESTABILITY = YES;
				GCC_C_LANGUAGE_STANDARD = gnu99;
				GCC_DYNAMIC_NO_PIC = NO;
				GCC_NO_COMMON_BLOCKS = YES;
				GCC_OPTIMIZATION_LEVEL = 0;
				GCC_PREPROCESSOR_DEFINITIONS = (
					"DEBUG=1",
					"$(inherited)",
				);
				GCC_WARN_64_TO_32_BIT_CONVERSION = YES;
				GCC_WARN_ABOUT_RETURN_TYPE = YES_ERROR;
				GCC_WARN_UNDECLARED_SELECTOR = YES;
				GCC_WARN_UNINITIALIZED_AUTOS = YES_AGGRESSIVE;
				GCC_WARN_UNUSED_FUNCTION = YES;
				GCC_WARN_UNUSED_VARIABLE = YES;
				IPHONEOS_DEPLOYMENT_TARGET = 9.2;
				MTL_ENABLE_DEBUG_INFO = YES;
				ONLY_ACTIVE_ARCH = YES;
				SDKROOT = iphoneos;
				TARGETED_DEVICE_FAMILY = "1,2";
			};
			name = Debug;
		};
		3B03CBE31CE195280011A03F /* Release */ = {
			isa = XCBuildConfiguration;
			buildSettings = {
				ALWAYS_SEARCH_USER_PATHS = NO;
				CLANG_CXX_LANGUAGE_STANDARD = "gnu++0x";
				CLANG_CXX_LIBRARY = "libc++";
				CLANG_ENABLE_MODULES = YES;
				CLANG_ENABLE_OBJC_ARC = YES;
				CLANG_WARN_BOOL_CONVERSION = YES;
				CLANG_WARN_CONSTANT_CONVERSION = YES;
				CLANG_WARN_DIRECT_OBJC_ISA_USAGE = YES_ERROR;
				CLANG_WARN_EMPTY_BODY = YES;
				CLANG_WARN_ENUM_CONVERSION = YES;
				CLANG_WARN_INT_CONVERSION = YES;
				CLANG_WARN_OBJC_ROOT_CLASS = YES_ERROR;
				CLANG_WARN_UNREACHABLE_CODE = YES;
				CLANG_WARN__DUPLICATE_METHOD_MATCH = YES;
				"CODE_SIGN_IDENTITY[sdk=iphoneos*]" = "iPhone Developer";
				COPY_PHASE_STRIP = NO;
				DEBUG_INFORMATION_FORMAT = "dwarf-with-dsym";
				ENABLE_NS_ASSERTIONS = NO;
				ENABLE_STRICT_OBJC_MSGSEND = YES;
				GCC_C_LANGUAGE_STANDARD = gnu99;
				GCC_NO_COMMON_BLOCKS = YES;
				GCC_WARN_64_TO_32_BIT_CONVERSION = YES;
				GCC_WARN_ABOUT_RETURN_TYPE = YES_ERROR;
				GCC_WARN_UNDECLARED_SELECTOR = YES;
				GCC_WARN_UNINITIALIZED_AUTOS = YES_AGGRESSIVE;
				GCC_WARN_UNUSED_FUNCTION = YES;
				GCC_WARN_UNUSED_VARIABLE = YES;
				IPHONEOS_DEPLOYMENT_TARGET = 9.2;
				MTL_ENABLE_DEBUG_INFO = NO;
				SDKROOT = iphoneos;
				TARGETED_DEVICE_FAMILY = "1,2";
				VALIDATE_PRODUCT = YES;
			};
			name = Release;
		};
		3B03CBE51CE195280011A03F /* Debug */ = {
			isa = XCBuildConfiguration;
			buildSettings = {
				ASSETCATALOG_COMPILER_APPICON_NAME = AppIcon;
				INFOPLIST_FILE = SPC/Info.plist;
				IPHONEOS_DEPLOYMENT_TARGET = 8.4;
				LD_RUNPATH_SEARCH_PATHS = "$(inherited) @executable_path/Frameworks";
				PRODUCT_BUNDLE_IDENTIFIER = com.sybercare.enterprise.SPC;
				PRODUCT_NAME = "$(TARGET_NAME)";
			};
			name = Debug;
		};
		3B03CBE61CE195280011A03F /* Release */ = {
			isa = XCBuildConfiguration;
			buildSettings = {
				ASSETCATALOG_COMPILER_APPICON_NAME = AppIcon;
				INFOPLIST_FILE = SPC/Info.plist;
				IPHONEOS_DEPLOYMENT_TARGET = 8.4;
				LD_RUNPATH_SEARCH_PATHS = "$(inherited) @executable_path/Frameworks";
				PRODUCT_BUNDLE_IDENTIFIER = com.sybercare.enterprise.SPC;
				PRODUCT_NAME = "$(TARGET_NAME)";
			};
			name = Release;
		};
/* End XCBuildConfiguration section */

/* Begin XCConfigurationList section */
		3B03CBC81CE195280011A03F /* Build configuration list for PBXProject "SPC" */ = {
			isa = XCConfigurationList;
			buildConfigurations = (
				3B03CBE21CE195280011A03F /* Debug */,
				3B03CBE31CE195280011A03F /* Release */,
			);
			defaultConfigurationIsVisible = 0;
			defaultConfigurationName = Release;
		};
		3B03CBE41CE195280011A03F /* Build configuration list for PBXNativeTarget "SPC" */ = {
			isa = XCConfigurationList;
			buildConfigurations = (
				3B03CBE51CE195280011A03F /* Debug */,
				3B03CBE61CE195280011A03F /* Release */,
			);
			defaultConfigurationIsVisible = 0;
			defaultConfigurationName = Release;
		};
/* End XCConfigurationList section */
	};
	rootObject = 3B03CBC51CE195280011A03F /* Project object */;
}
