// !$*UTF8*$!
{
	archiveVersion = 1;
	classes = {
	};
	objectVersion = 46;
	objects = {

/* Begin PBXBuildFile section */
		00C120A1DAD08F9AE1DE6267 /* libPods-SDBannerView.a in Frameworks */ = {isa = PBXBuildFile; fileRef = 68C1162BC16BF0686443283C /* libPods-SDBannerView.a */; };
		3BCF6D641E6D01AF000FCD13 /* main.m in Sources */ = {isa = PBXBuildFile; fileRef = 3BCF6D631E6D01AF000FCD13 /* main.m */; };
		3BCF6D671E6D01AF000FCD13 /* AppDelegate.m in Sources */ = {isa = PBXBuildFile; fileRef = 3BCF6D661E6D01AF000FCD13 /* AppDelegate.m */; };
		3BCF6D6A1E6D01AF000FCD13 /* ViewController.m in Sources */ = {isa = PBXBuildFile; fileRef = 3BCF6D691E6D01AF000FCD13 /* ViewController.m */; };
		3BCF6D6D1E6D01AF000FCD13 /* Main.storyboard in Resources */ = {isa = PBXBuildFile; fileRef = 3BCF6D6B1E6D01AF000FCD13 /* Main.storyboard */; };
		3BCF6D6F1E6D01AF000FCD13 /* Assets.xcassets in Resources */ = {isa = PBXBuildFile; fileRef = 3BCF6D6E1E6D01AF000FCD13 /* Assets.xcassets */; };
		3BCF6D721E6D01AF000FCD13 /* LaunchScreen.storyboard in Resources */ = {isa = PBXBuildFile; fileRef = 3BCF6D701E6D01AF000FCD13 /* LaunchScreen.storyboard */; };
/* End PBXBuildFile section */

/* Begin PBXCopyFilesBuildPhase section */
		3BF581971E6DB4F200DA88DB /* Embed Frameworks */ = {
			isa = PBXCopyFilesBuildPhase;
			buildActionMask = 2147483647;
			dstPath = "";
			dstSubfolderSpec = 10;
			files = (
			);
			name = "Embed Frameworks";
			runOnlyForDeploymentPostprocessing = 0;
		};
/* End PBXCopyFilesBuildPhase section */

/* Begin PBXFileReference section */
		3BCF6D5F1E6D01AF000FCD13 /* SDBannerView.app */ = {isa = PBXFileReference; explicitFileType = wrapper.application; includeInIndex = 0; path = SDBannerView.app; sourceTree = BUILT_PRODUCTS_DIR; };
		3BCF6D631E6D01AF000FCD13 /* main.m */ = {isa = PBXFileReference; lastKnownFileType = sourcecode.c.objc; path = main.m; sourceTree = "<group>"; };
		3BCF6D651E6D01AF000FCD13 /* AppDelegate.h */ = {isa = PBXFileReference; lastKnownFileType = sourcecode.c.h; path = AppDelegate.h; sourceTree = "<group>"; };
		3BCF6D661E6D01AF000FCD13 /* AppDelegate.m */ = {isa = PBXFileReference; lastKnownFileType = sourcecode.c.objc; path = AppDelegate.m; sourceTree = "<group>"; };
		3BCF6D681E6D01AF000FCD13 /* ViewController.h */ = {isa = PBXFileReference; lastKnownFileType = sourcecode.c.h; path = ViewController.h; sourceTree = "<group>"; };
		3BCF6D691E6D01AF000FCD13 /* ViewController.m */ = {isa = PBXFileReference; lastKnownFileType = sourcecode.c.objc; path = ViewController.m; sourceTree = "<group>"; };
		3BCF6D6C1E6D01AF000FCD13 /* Base */ = {isa = PBXFileReference; lastKnownFileType = file.storyboard; name = Base; path = Base.lproj/Main.storyboard; sourceTree = "<group>"; };
		3BCF6D6E1E6D01AF000FCD13 /* Assets.xcassets */ = {isa = PBXFileReference; lastKnownFileType = folder.assetcatalog; path = Assets.xcassets; sourceTree = "<group>"; };
		3BCF6D711E6D01AF000FCD13 /* Base */ = {isa = PBXFileReference; lastKnownFileType = file.storyboard; name = Base; path = Base.lproj/LaunchScreen.storyboard; sourceTree = "<group>"; };
		3BCF6D731E6D01AF000FCD13 /* Info.plist */ = {isa = PBXFileReference; lastKnownFileType = text.plist.xml; path = Info.plist; sourceTree = "<group>"; };
		3BF5818D1E6DB4F200DA88DB /* SDBannerViewCarthage.h */ = {isa = PBXFileReference; lastKnownFileType = sourcecode.c.h; path = SDBannerViewCarthage.h; sourceTree = "<group>"; };
		3BF5818E1E6DB4F200DA88DB /* Info.plist */ = {isa = PBXFileReference; lastKnownFileType = text.plist.xml; path = Info.plist; sourceTree = "<group>"; };
		68C1162BC16BF0686443283C /* libPods-SDBannerView.a */ = {isa = PBXFileReference; explicitFileType = archive.ar; includeInIndex = 0; path = "libPods-SDBannerView.a"; sourceTree = BUILT_PRODUCTS_DIR; };
		A0434F20E2B3F1C0E8B2A125 /* Pods-SDBannerView.debug.xcconfig */ = {isa = PBXFileReference; includeInIndex = 1; lastKnownFileType = text.xcconfig; name = "Pods-SDBannerView.debug.xcconfig"; path = "Pods/Target Support Files/Pods-SDBannerView/Pods-SDBannerView.debug.xcconfig"; sourceTree = "<group>"; };
		B5BAA8E29841471F9D855F12 /* Pods-SDBannerView.release.xcconfig */ = {isa = PBXFileReference; includeInIndex = 1; lastKnownFileType = text.xcconfig; name = "Pods-SDBannerView.release.xcconfig"; path = "Pods/Target Support Files/Pods-SDBannerView/Pods-SDBannerView.release.xcconfig"; sourceTree = "<group>"; };
/* End PBXFileReference section */

/* Begin PBXFrameworksBuildPhase section */
		3BCF6D5C1E6D01AF000FCD13 /* Frameworks */ = {
			isa = PBXFrameworksBuildPhase;
			buildActionMask = 2147483647;
			files = (
				00C120A1DAD08F9AE1DE6267 /* libPods-SDBannerView.a in Frameworks */,
			);
			runOnlyForDeploymentPostprocessing = 0;
		};
/* End PBXFrameworksBuildPhase section */

/* Begin PBXGroup section */
		3BCF6D561E6D01AF000FCD13 = {
			isa = PBXGroup;
			children = (
				3BCF6D611E6D01AF000FCD13 /* SDBannerView */,
				3BF5818C1E6DB4F200DA88DB /* SDBannerViewCarthage */,
				3BCF6D601E6D01AF000FCD13 /* Products */,
				E3D82038798B81ACB988DDD7 /* Pods */,
				64BC27AA50C7067F344538F1 /* Frameworks */,
			);
			sourceTree = "<group>";
		};
		3BCF6D601E6D01AF000FCD13 /* Products */ = {
			isa = PBXGroup;
			children = (
				3BCF6D5F1E6D01AF000FCD13 /* SDBannerView.app */,
			);
			name = Products;
			sourceTree = "<group>";
		};
		3BCF6D611E6D01AF000FCD13 /* SDBannerView */ = {
			isa = PBXGroup;
			children = (
				3BCF6D651E6D01AF000FCD13 /* AppDelegate.h */,
				3BCF6D661E6D01AF000FCD13 /* AppDelegate.m */,
				3BCF6D681E6D01AF000FCD13 /* ViewController.h */,
				3BCF6D691E6D01AF000FCD13 /* ViewController.m */,
				3BCF6D6B1E6D01AF000FCD13 /* Main.storyboard */,
				3BCF6D6E1E6D01AF000FCD13 /* Assets.xcassets */,
				3BCF6D701E6D01AF000FCD13 /* LaunchScreen.storyboard */,
				3BCF6D731E6D01AF000FCD13 /* Info.plist */,
				3BCF6D621E6D01AF000FCD13 /* Supporting Files */,
			);
			path = SDBannerView;
			sourceTree = "<group>";
		};
		3BCF6D621E6D01AF000FCD13 /* Supporting Files */ = {
			isa = PBXGroup;
			children = (
				3BCF6D631E6D01AF000FCD13 /* main.m */,
			);
			name = "Supporting Files";
			sourceTree = "<group>";
		};
		3BF5818C1E6DB4F200DA88DB /* SDBannerViewCarthage */ = {
			isa = PBXGroup;
			children = (
				3BF5818D1E6DB4F200DA88DB /* SDBannerViewCarthage.h */,
				3BF5818E1E6DB4F200DA88DB /* Info.plist */,
			);
			path = SDBannerViewCarthage;
			sourceTree = "<group>";
		};
		64BC27AA50C7067F344538F1 /* Frameworks */ = {
			isa = PBXGroup;
			children = (
				68C1162BC16BF0686443283C /* libPods-SDBannerView.a */,
			);
			name = Frameworks;
			sourceTree = "<group>";
		};
		E3D82038798B81ACB988DDD7 /* Pods */ = {
			isa = PBXGroup;
			children = (
				A0434F20E2B3F1C0E8B2A125 /* Pods-SDBannerView.debug.xcconfig */,
				B5BAA8E29841471F9D855F12 /* Pods-SDBannerView.release.xcconfig */,
			);
			name = Pods;
			sourceTree = "<group>";
		};
/* End PBXGroup section */

/* Begin PBXNativeTarget section */
		3BCF6D5E1E6D01AF000FCD13 /* SDBannerView */ = {
			isa = PBXNativeTarget;
			buildConfigurationList = 3BCF6D761E6D01AF000FCD13 /* Build configuration list for PBXNativeTarget "SDBannerView" */;
			buildPhases = (
				A6EAD30E3DB253CC87550074 /* [CP] Check Pods Manifest.lock */,
				3BCF6D5B1E6D01AF000FCD13 /* Sources */,
				3BCF6D5C1E6D01AF000FCD13 /* Frameworks */,
				3BCF6D5D1E6D01AF000FCD13 /* Resources */,
				4FC7F93E25C3995D1781D1C7 /* [CP] Embed Pods Frameworks */,
				F90FD06746E812F4817D9CA4 /* [CP] Copy Pods Resources */,
				3BF581971E6DB4F200DA88DB /* Embed Frameworks */,
			);
			buildRules = (
			);
			dependencies = (
			);
			name = SDBannerView;
			productName = SDBannerView;
			productReference = 3BCF6D5F1E6D01AF000FCD13 /* SDBannerView.app */;
			productType = "com.apple.product-type.application";
		};
/* End PBXNativeTarget section */

/* Begin PBXProject section */
		3BCF6D571E6D01AF000FCD13 /* Project object */ = {
			isa = PBXProject;
			attributes = {
				LastUpgradeCheck = 0820;
				ORGANIZATIONNAME = shendong;
				TargetAttributes = {
					3BCF6D5E1E6D01AF000FCD13 = {
						CreatedOnToolsVersion = 8.2;
						DevelopmentTeam = S8238R3HUC;
						ProvisioningStyle = Automatic;
					};
				};
			};
			buildConfigurationList = 3BCF6D5A1E6D01AF000FCD13 /* Build configuration list for PBXProject "SDBannerView" */;
			compatibilityVersion = "Xcode 3.2";
			developmentRegion = English;
			hasScannedForEncodings = 0;
			knownRegions = (
				en,
				Base,
			);
			mainGroup = 3BCF6D561E6D01AF000FCD13;
			productRefGroup = 3BCF6D601E6D01AF000FCD13 /* Products */;
			projectDirPath = "";
			projectRoot = "";
			targets = (
				3BCF6D5E1E6D01AF000FCD13 /* SDBannerView */,
			);
		};
/* End PBXProject section */

/* Begin PBXResourcesBuildPhase section */
		3BCF6D5D1E6D01AF000FCD13 /* Resources */ = {
			isa = PBXResourcesBuildPhase;
			buildActionMask = 2147483647;
			files = (
				3BCF6D721E6D01AF000FCD13 /* LaunchScreen.storyboard in Resources */,
				3BCF6D6F1E6D01AF000FCD13 /* Assets.xcassets in Resources */,
				3BCF6D6D1E6D01AF000FCD13 /* Main.storyboard in Resources */,
			);
			runOnlyForDeploymentPostprocessing = 0;
		};
/* End PBXResourcesBuildPhase section */

/* Begin PBXShellScriptBuildPhase section */
		4FC7F93E25C3995D1781D1C7 /* [CP] Embed Pods Frameworks */ = {
			isa = PBXShellScriptBuildPhase;
			buildActionMask = 2147483647;
			files = (
			);
			inputPaths = (
			);
			name = "[CP] Embed Pods Frameworks";
			outputPaths = (
			);
			runOnlyForDeploymentPostprocessing = 0;
			shellPath = /bin/sh;
			shellScript = "\"${SRCROOT}/Pods/Target Support Files/Pods-SDBannerView/Pods-SDBannerView-frameworks.sh\"\n";
			showEnvVarsInLog = 0;
		};
		A6EAD30E3DB253CC87550074 /* [CP] Check Pods Manifest.lock */ = {
			isa = PBXShellScriptBuildPhase;
			buildActionMask = 2147483647;
			files = (
			);
			inputPaths = (
			);
			name = "[CP] Check Pods Manifest.lock";
			outputPaths = (
			);
			runOnlyForDeploymentPostprocessing = 0;
			shellPath = /bin/sh;
			shellScript = "diff \"${PODS_ROOT}/../Podfile.lock\" \"${PODS_ROOT}/Manifest.lock\" > /dev/null\nif [ $? != 0 ] ; then\n    # print error to STDERR\n    echo \"error: The sandbox is not in sync with the Podfile.lock. Run 'pod install' or update your CocoaPods installation.\" >&2\n    exit 1\nfi\n";
			showEnvVarsInLog = 0;
		};
		F90FD06746E812F4817D9CA4 /* [CP] Copy Pods Resources */ = {
			isa = PBXShellScriptBuildPhase;
			buildActionMask = 2147483647;
			files = (
			);
			inputPaths = (
			);
			name = "[CP] Copy Pods Resources";
			outputPaths = (
			);
			runOnlyForDeploymentPostprocessing = 0;
			shellPath = /bin/sh;
			shellScript = "\"${SRCROOT}/Pods/Target Support Files/Pods-SDBannerView/Pods-SDBannerView-resources.sh\"\n";
			showEnvVarsInLog = 0;
		};
/* End PBXShellScriptBuildPhase section */

/* Begin PBXSourcesBuildPhase section */
		3BCF6D5B1E6D01AF000FCD13 /* Sources */ = {
			isa = PBXSourcesBuildPhase;
			buildActionMask = 2147483647;
			files = (
				3BCF6D6A1E6D01AF000FCD13 /* ViewController.m in Sources */,
				3BCF6D671E6D01AF000FCD13 /* AppDelegate.m in Sources */,
				3BCF6D641E6D01AF000FCD13 /* main.m in Sources */,
			);
			runOnlyForDeploymentPostprocessing = 0;
		};
/* End PBXSourcesBuildPhase section */

/* Begin PBXVariantGroup section */
		3BCF6D6B1E6D01AF000FCD13 /* Main.storyboard */ = {
			isa = PBXVariantGroup;
			children = (
				3BCF6D6C1E6D01AF000FCD13 /* Base */,
			);
			name = Main.storyboard;
			sourceTree = "<group>";
		};
		3BCF6D701E6D01AF000FCD13 /* LaunchScreen.storyboard */ = {
			isa = PBXVariantGroup;
			children = (
				3BCF6D711E6D01AF000FCD13 /* Base */,
			);
			name = LaunchScreen.storyboard;
			sourceTree = "<group>";
		};
/* End PBXVariantGroup section */

/* Begin XCBuildConfiguration section */
		3BCF6D741E6D01AF000FCD13 /* Debug */ = {
			isa = XCBuildConfiguration;
			buildSettings = {
				ALWAYS_SEARCH_USER_PATHS = NO;
				CLANG_ANALYZER_NONNULL = YES;
				CLANG_CXX_LANGUAGE_STANDARD = "gnu++0x";
				CLANG_CXX_LIBRARY = "libc++";
				CLANG_ENABLE_MODULES = YES;
				CLANG_ENABLE_OBJC_ARC = YES;
				CLANG_WARN_BOOL_CONVERSION = YES;
				CLANG_WARN_CONSTANT_CONVERSION = YES;
				CLANG_WARN_DIRECT_OBJC_ISA_USAGE = YES_ERROR;
				CLANG_WARN_DOCUMENTATION_COMMENTS = YES;
				CLANG_WARN_EMPTY_BODY = YES;
				CLANG_WARN_ENUM_CONVERSION = YES;
				CLANG_WARN_INFINITE_RECURSION = YES;
				CLANG_WARN_INT_CONVERSION = YES;
				CLANG_WARN_OBJC_ROOT_CLASS = YES_ERROR;
				CLANG_WARN_SUSPICIOUS_MOVE = YES;
				CLANG_WARN_UNREACHABLE_CODE = YES;
				CLANG_WARN__DUPLICATE_METHOD_MATCH = YES;
				"CODE_SIGN_IDENTITY[sdk=iphoneos*]" = "iPhone Developer";
				COPY_PHASE_STRIP = NO;
				DEBUG_INFORMATION_FORMAT = dwarf;
				ENABLE_STRICT_OBJC_MSGSEND = YES;
				ENABLE_TESTABILITY = YES;
				GCC_C_LANGUAGE_STANDARD = gnu99;
				GCC_DYNAMIC_NO_PIC = NO;
				GCC_NO_COMMON_BLOCKS = YES;
				GCC_OPTIMIZATION_LEVEL = 0;
				GCC_PREPROCESSOR_DEFINITIONS = (
					"DEBUG=1",
					"$(inherited)",
				);
				GCC_WARN_64_TO_32_BIT_CONVERSION = YES;
				GCC_WARN_ABOUT_RETURN_TYPE = YES_ERROR;
				GCC_WARN_UNDECLARED_SELECTOR = YES;
				GCC_WARN_UNINITIALIZED_AUTOS = YES_AGGRESSIVE;
				GCC_WARN_UNUSED_FUNCTION = YES;
				GCC_WARN_UNUSED_VARIABLE = YES;
				IPHONEOS_DEPLOYMENT_TARGET = 10.2;
				MTL_ENABLE_DEBUG_INFO = YES;
				ONLY_ACTIVE_ARCH = YES;
				SDKROOT = iphoneos;
			};
			name = Debug;
		};
		3BCF6D751E6D01AF000FCD13 /* Release */ = {
			isa = XCBuildConfiguration;
			buildSettings = {
				ALWAYS_SEARCH_USER_PATHS = NO;
				CLANG_ANALYZER_NONNULL = YES;
				CLANG_CXX_LANGUAGE_STANDARD = "gnu++0x";
				CLANG_CXX_LIBRARY = "libc++";
				CLANG_ENABLE_MODULES = YES;
				CLANG_ENABLE_OBJC_ARC = YES;
				CLANG_WARN_BOOL_CONVERSION = YES;
				CLANG_WARN_CONSTANT_CONVERSION = YES;
				CLANG_WARN_DIRECT_OBJC_ISA_USAGE = YES_ERROR;
				CLANG_WARN_DOCUMENTATION_COMMENTS = YES;
				CLANG_WARN_EMPTY_BODY = YES;
				CLANG_WARN_ENUM_CONVERSION = YES;
				CLANG_WARN_INFINITE_RECURSION = YES;
				CLANG_WARN_INT_CONVERSION = YES;
				CLANG_WARN_OBJC_ROOT_CLASS = YES_ERROR;
				CLANG_WARN_SUSPICIOUS_MOVE = YES;
				CLANG_WARN_UNREACHABLE_CODE = YES;
				CLANG_WARN__DUPLICATE_METHOD_MATCH = YES;
				"CODE_SIGN_IDENTITY[sdk=iphoneos*]" = "iPhone Developer";
				COPY_PHASE_STRIP = NO;
				DEBUG_INFORMATION_FORMAT = "dwarf-with-dsym";
				ENABLE_NS_ASSERTIONS = NO;
				ENABLE_STRICT_OBJC_MSGSEND = YES;
				GCC_C_LANGUAGE_STANDARD = gnu99;
				GCC_NO_COMMON_BLOCKS = YES;
				GCC_WARN_64_TO_32_BIT_CONVERSION = YES;
				GCC_WARN_ABOUT_RETURN_TYPE = YES_ERROR;
				GCC_WARN_UNDECLARED_SELECTOR = YES;
				GCC_WARN_UNINITIALIZED_AUTOS = YES_AGGRESSIVE;
				GCC_WARN_UNUSED_FUNCTION = YES;
				GCC_WARN_UNUSED_VARIABLE = YES;
				IPHONEOS_DEPLOYMENT_TARGET = 10.2;
				MTL_ENABLE_DEBUG_INFO = NO;
				SDKROOT = iphoneos;
				VALIDATE_PRODUCT = YES;
			};
			name = Release;
		};
		3BCF6D771E6D01AF000FCD13 /* Debug */ = {
			isa = XCBuildConfiguration;
			baseConfigurationReference = A0434F20E2B3F1C0E8B2A125 /* Pods-SDBannerView.debug.xcconfig */;
			buildSettings = {
				ASSETCATALOG_COMPILER_APPICON_NAME = AppIcon;
				DEVELOPMENT_TEAM = S8238R3HUC;
				INFOPLIST_FILE = SDBannerView/Info.plist;
				LD_RUNPATH_SEARCH_PATHS = "$(inherited) @executable_path/Frameworks";
				PRODUCT_BUNDLE_IDENTIFIER = shendong.SDBannerView;
				PRODUCT_NAME = "$(TARGET_NAME)";
			};
			name = Debug;
		};
		3BCF6D781E6D01AF000FCD13 /* Release */ = {
			isa = XCBuildConfiguration;
			baseConfigurationReference = B5BAA8E29841471F9D855F12 /* Pods-SDBannerView.release.xcconfig */;
			buildSettings = {
				ASSETCATALOG_COMPILER_APPICON_NAME = AppIcon;
				DEVELOPMENT_TEAM = S8238R3HUC;
				INFOPLIST_FILE = SDBannerView/Info.plist;
				LD_RUNPATH_SEARCH_PATHS = "$(inherited) @executable_path/Frameworks";
				PRODUCT_BUNDLE_IDENTIFIER = shendong.SDBannerView;
				PRODUCT_NAME = "$(TARGET_NAME)";
			};
			name = Release;
		};
/* End XCBuildConfiguration section */

/* Begin XCConfigurationList section */
		3BCF6D5A1E6D01AF000FCD13 /* Build configuration list for PBXProject "SDBannerView" */ = {
			isa = XCConfigurationList;
			buildConfigurations = (
				3BCF6D741E6D01AF000FCD13 /* Debug */,
				3BCF6D751E6D01AF000FCD13 /* Release */,
			);
			defaultConfigurationIsVisible = 0;
			defaultConfigurationName = Release;
		};
		3BCF6D761E6D01AF000FCD13 /* Build configuration list for PBXNativeTarget "SDBannerView" */ = {
			isa = XCConfigurationList;
			buildConfigurations = (
				3BCF6D771E6D01AF000FCD13 /* Debug */,
				3BCF6D781E6D01AF000FCD13 /* Release */,
			);
			defaultConfigurationIsVisible = 0;
			defaultConfigurationName = Release;
		};
/* End XCConfigurationList section */
	};
	rootObject = 3BCF6D571E6D01AF000FCD13 /* Project object */;
}
