// !$*UTF8*$!
{
	archiveVersion = 1;
	classes = {
	};
	objectVersion = 46;
	objects = {

/* Begin PBXBuildFile section */
		3B469AD91CCEF7EF00E8833D /* main.m in Sources */ = {isa = PBXBuildFile; fileRef = 3B469AD81CCEF7EF00E8833D /* main.m */; };
		3B469ADC1CCEF7EF00E8833D /* AppDelegate.m in Sources */ = {isa = PBXBuildFile; fileRef = 3B469ADB1CCEF7EF00E8833D /* AppDelegate.m */; };
		3B469AE21CCEF7EF00E8833D /* Main.storyboard in Resources */ = {isa = PBXBuildFile; fileRef = 3B469AE01CCEF7EF00E8833D /* Main.storyboard */; };
		3B469AE41CCEF7EF00E8833D /* Assets.xcassets in Resources */ = {isa = PBXBuildFile; fileRef = 3B469AE31CCEF7EF00E8833D /* Assets.xcassets */; };
		3B469AE71CCEF7EF00E8833D /* LaunchScreen.storyboard in Resources */ = {isa = PBXBuildFile; fileRef = 3B469AE51CCEF7EF00E8833D /* LaunchScreen.storyboard */; };
		3B469AF31CCEF86F00E8833D /* JPTableViewController.m in Sources */ = {isa = PBXBuildFile; fileRef = 3B469AF01CCEF86F00E8833D /* JPTableViewController.m */; };
		3B469AF41CCEF86F00E8833D /* JPViewController.m in Sources */ = {isa = PBXBuildFile; fileRef = 3B469AF21CCEF86F00E8833D /* JPViewController.m */; };
		3B469AF81CCEF91800E8833D /* JSPatch.framework in Frameworks */ = {isa = PBXBuildFile; fileRef = 3B469AF61CCEF91800E8833D /* JSPatch.framework */; };
		3B469AF91CCEF91800E8833D /* main.js in Resources */ = {isa = PBXBuildFile; fileRef = 3B469AF71CCEF91800E8833D /* main.js */; };
		3B469AFE1CCEFC2600E8833D /* libz.tbd in Frameworks */ = {isa = PBXBuildFile; fileRef = 3B469AFD1CCEFC2600E8833D /* libz.tbd */; };
		3B469B051CCF0AB400E8833D /* JavaScriptCore.framework in Frameworks */ = {isa = PBXBuildFile; fileRef = 3B469B031CCF0AB400E8833D /* JavaScriptCore.framework */; };
		3B469B061CCF0AB400E8833D /* JavaScriptCore.framework in Frameworks */ = {isa = PBXBuildFile; fileRef = 3B469B041CCF0AB400E8833D /* JavaScriptCore.framework */; };
/* End PBXBuildFile section */

/* Begin PBXFileReference section */
		3B469AD41CCEF7EF00E8833D /* JSPatchDemo.app */ = {isa = PBXFileReference; explicitFileType = wrapper.application; includeInIndex = 0; path = JSPatchDemo.app; sourceTree = BUILT_PRODUCTS_DIR; };
		3B469AD81CCEF7EF00E8833D /* main.m */ = {isa = PBXFileReference; lastKnownFileType = sourcecode.c.objc; path = main.m; sourceTree = "<group>"; };
		3B469ADA1CCEF7EF00E8833D /* AppDelegate.h */ = {isa = PBXFileReference; lastKnownFileType = sourcecode.c.h; path = AppDelegate.h; sourceTree = "<group>"; };
		3B469ADB1CCEF7EF00E8833D /* AppDelegate.m */ = {isa = PBXFileReference; lastKnownFileType = sourcecode.c.objc; path = AppDelegate.m; sourceTree = "<group>"; };
		3B469AE11CCEF7EF00E8833D /* Base */ = {isa = PBXFileReference; lastKnownFileType = file.storyboard; name = Base; path = Base.lproj/Main.storyboard; sourceTree = "<group>"; };
		3B469AE31CCEF7EF00E8833D /* Assets.xcassets */ = {isa = PBXFileReference; lastKnownFileType = folder.assetcatalog; path = Assets.xcassets; sourceTree = "<group>"; };
		3B469AE61CCEF7EF00E8833D /* Base */ = {isa = PBXFileReference; lastKnownFileType = file.storyboard; name = Base; path = Base.lproj/LaunchScreen.storyboard; sourceTree = "<group>"; };
		3B469AE81CCEF7EF00E8833D /* Info.plist */ = {isa = PBXFileReference; lastKnownFileType = text.plist.xml; path = Info.plist; sourceTree = "<group>"; };
		3B469AEF1CCEF86F00E8833D /* JPTableViewController.h */ = {isa = PBXFileReference; fileEncoding = 4; lastKnownFileType = sourcecode.c.h; path = JPTableViewController.h; sourceTree = "<group>"; };
		3B469AF01CCEF86F00E8833D /* JPTableViewController.m */ = {isa = PBXFileReference; fileEncoding = 4; lastKnownFileType = sourcecode.c.objc; path = JPTableViewController.m; sourceTree = "<group>"; };
		3B469AF11CCEF86F00E8833D /* JPViewController.h */ = {isa = PBXFileReference; fileEncoding = 4; lastKnownFileType = sourcecode.c.h; path = JPViewController.h; sourceTree = "<group>"; };
		3B469AF21CCEF86F00E8833D /* JPViewController.m */ = {isa = PBXFileReference; fileEncoding = 4; lastKnownFileType = sourcecode.c.objc; path = JPViewController.m; sourceTree = "<group>"; };
		3B469AF61CCEF91800E8833D /* JSPatch.framework */ = {isa = PBXFileReference; lastKnownFileType = wrapper.framework; path = JSPatch.framework; sourceTree = "<group>"; };
		3B469AF71CCEF91800E8833D /* main.js */ = {isa = PBXFileReference; fileEncoding = 4; lastKnownFileType = sourcecode.javascript; path = main.js; sourceTree = "<group>"; };
		3B469AFD1CCEFC2600E8833D /* libz.tbd */ = {isa = PBXFileReference; lastKnownFileType = "sourcecode.text-based-dylib-definition"; name = libz.tbd; path = usr/lib/libz.tbd; sourceTree = SDKROOT; };
		3B469B031CCF0AB400E8833D /* JavaScriptCore.framework */ = {isa = PBXFileReference; lastKnownFileType = wrapper.framework; name = JavaScriptCore.framework; path = System/Library/Frameworks/JavaScriptCore.framework; sourceTree = SDKROOT; };
		3B469B041CCF0AB400E8833D /* JavaScriptCore.framework */ = {isa = PBXFileReference; lastKnownFileType = wrapper.framework; name = JavaScriptCore.framework; path = System/Library/PrivateFrameworks/JavaScriptCore.framework; sourceTree = SDKROOT; };
/* End PBXFileReference section */

/* Begin PBXFrameworksBuildPhase section */
		3B469AD11CCEF7EF00E8833D /* Frameworks */ = {
			isa = PBXFrameworksBuildPhase;
			buildActionMask = 2147483647;
			files = (
				3B469B051CCF0AB400E8833D /* JavaScriptCore.framework in Frameworks */,
				3B469B061CCF0AB400E8833D /* JavaScriptCore.framework in Frameworks */,
				3B469AFE1CCEFC2600E8833D /* libz.tbd in Frameworks */,
				3B469AF81CCEF91800E8833D /* JSPatch.framework in Frameworks */,
			);
			runOnlyForDeploymentPostprocessing = 0;
		};
/* End PBXFrameworksBuildPhase section */

/* Begin PBXGroup section */
		3B469ACB1CCEF7EF00E8833D = {
			isa = PBXGroup;
			children = (
				3B469B031CCF0AB400E8833D /* JavaScriptCore.framework */,
				3B469B041CCF0AB400E8833D /* JavaScriptCore.framework */,
				3B469AFD1CCEFC2600E8833D /* libz.tbd */,
				3B469AD61CCEF7EF00E8833D /* JSPatchDemo */,
				3B469AD51CCEF7EF00E8833D /* Products */,
			);
			sourceTree = "<group>";
		};
		3B469AD51CCEF7EF00E8833D /* Products */ = {
			isa = PBXGroup;
			children = (
				3B469AD41CCEF7EF00E8833D /* JSPatchDemo.app */,
			);
			name = Products;
			sourceTree = "<group>";
		};
		3B469AD61CCEF7EF00E8833D /* JSPatchDemo */ = {
			isa = PBXGroup;
			children = (
				3B469AEE1CCEF86F00E8833D /* JSPatch */,
				3B469AF51CCEF91800E8833D /* SDK */,
				3B469ADA1CCEF7EF00E8833D /* AppDelegate.h */,
				3B469ADB1CCEF7EF00E8833D /* AppDelegate.m */,
				3B469AE01CCEF7EF00E8833D /* Main.storyboard */,
				3B469AE31CCEF7EF00E8833D /* Assets.xcassets */,
				3B469AE51CCEF7EF00E8833D /* LaunchScreen.storyboard */,
				3B469AE81CCEF7EF00E8833D /* Info.plist */,
				3B469AD71CCEF7EF00E8833D /* Supporting Files */,
			);
			path = JSPatchDemo;
			sourceTree = "<group>";
		};
		3B469AD71CCEF7EF00E8833D /* Supporting Files */ = {
			isa = PBXGroup;
			children = (
				3B469AD81CCEF7EF00E8833D /* main.m */,
			);
			name = "Supporting Files";
			sourceTree = "<group>";
		};
		3B469AEE1CCEF86F00E8833D /* JSPatch */ = {
			isa = PBXGroup;
			children = (
				3B469AEF1CCEF86F00E8833D /* JPTableViewController.h */,
				3B469AF01CCEF86F00E8833D /* JPTableViewController.m */,
				3B469AF11CCEF86F00E8833D /* JPViewController.h */,
				3B469AF21CCEF86F00E8833D /* JPViewController.m */,
			);
			path = JSPatch;
			sourceTree = "<group>";
		};
		3B469AF51CCEF91800E8833D /* SDK */ = {
			isa = PBXGroup;
			children = (
				3B469AF61CCEF91800E8833D /* JSPatch.framework */,
				3B469AF71CCEF91800E8833D /* main.js */,
			);
			path = SDK;
			sourceTree = "<group>";
		};
/* End PBXGroup section */

/* Begin PBXNativeTarget section */
		3B469AD31CCEF7EF00E8833D /* JSPatchDemo */ = {
			isa = PBXNativeTarget;
			buildConfigurationList = 3B469AEB1CCEF7EF00E8833D /* Build configuration list for PBXNativeTarget "JSPatchDemo" */;
			buildPhases = (
				3B469AD01CCEF7EF00E8833D /* Sources */,
				3B469AD11CCEF7EF00E8833D /* Frameworks */,
				3B469AD21CCEF7EF00E8833D /* Resources */,
			);
			buildRules = (
			);
			dependencies = (
			);
			name = JSPatchDemo;
			productName = JSPatchDemo;
			productReference = 3B469AD41CCEF7EF00E8833D /* JSPatchDemo.app */;
			productType = "com.apple.product-type.application";
		};
/* End PBXNativeTarget section */

/* Begin PBXProject section */
		3B469ACC1CCEF7EF00E8833D /* Project object */ = {
			isa = PBXProject;
			attributes = {
				LastUpgradeCheck = 0720;
				ORGANIZATIONNAME = com.sybercare.enterprise;
				TargetAttributes = {
					3B469AD31CCEF7EF00E8833D = {
						CreatedOnToolsVersion = 7.2.1;
					};
				};
			};
			buildConfigurationList = 3B469ACF1CCEF7EF00E8833D /* Build configuration list for PBXProject "JSPatchDemo" */;
			compatibilityVersion = "Xcode 3.2";
			developmentRegion = English;
			hasScannedForEncodings = 0;
			knownRegions = (
				en,
				Base,
			);
			mainGroup = 3B469ACB1CCEF7EF00E8833D;
			productRefGroup = 3B469AD51CCEF7EF00E8833D /* Products */;
			projectDirPath = "";
			projectRoot = "";
			targets = (
				3B469AD31CCEF7EF00E8833D /* JSPatchDemo */,
			);
		};
/* End PBXProject section */

/* Begin PBXResourcesBuildPhase section */
		3B469AD21CCEF7EF00E8833D /* Resources */ = {
			isa = PBXResourcesBuildPhase;
			buildActionMask = 2147483647;
			files = (
				3B469AE71CCEF7EF00E8833D /* LaunchScreen.storyboard in Resources */,
				3B469AE41CCEF7EF00E8833D /* Assets.xcassets in Resources */,
				3B469AE21CCEF7EF00E8833D /* Main.storyboard in Resources */,
				3B469AF91CCEF91800E8833D /* main.js in Resources */,
			);
			runOnlyForDeploymentPostprocessing = 0;
		};
/* End PBXResourcesBuildPhase section */

/* Begin PBXSourcesBuildPhase section */
		3B469AD01CCEF7EF00E8833D /* Sources */ = {
			isa = PBXSourcesBuildPhase;
			buildActionMask = 2147483647;
			files = (
				3B469AF41CCEF86F00E8833D /* JPViewController.m in Sources */,
				3B469ADC1CCEF7EF00E8833D /* AppDelegate.m in Sources */,
				3B469AD91CCEF7EF00E8833D /* main.m in Sources */,
				3B469AF31CCEF86F00E8833D /* JPTableViewController.m in Sources */,
			);
			runOnlyForDeploymentPostprocessing = 0;
		};
/* End PBXSourcesBuildPhase section */

/* Begin PBXVariantGroup section */
		3B469AE01CCEF7EF00E8833D /* Main.storyboard */ = {
			isa = PBXVariantGroup;
			children = (
				3B469AE11CCEF7EF00E8833D /* Base */,
			);
			name = Main.storyboard;
			sourceTree = "<group>";
		};
		3B469AE51CCEF7EF00E8833D /* LaunchScreen.storyboard */ = {
			isa = PBXVariantGroup;
			children = (
				3B469AE61CCEF7EF00E8833D /* Base */,
			);
			name = LaunchScreen.storyboard;
			sourceTree = "<group>";
		};
/* End PBXVariantGroup section */

/* Begin XCBuildConfiguration section */
		3B469AE91CCEF7EF00E8833D /* Debug */ = {
			isa = XCBuildConfiguration;
			buildSettings = {
				ALWAYS_SEARCH_USER_PATHS = NO;
				CLANG_CXX_LANGUAGE_STANDARD = "gnu++0x";
				CLANG_CXX_LIBRARY = "libc++";
				CLANG_ENABLE_MODULES = YES;
				CLANG_ENABLE_OBJC_ARC = YES;
				CLANG_WARN_BOOL_CONVERSION = YES;
				CLANG_WARN_CONSTANT_CONVERSION = YES;
				CLANG_WARN_DIRECT_OBJC_ISA_USAGE = YES_ERROR;
				CLANG_WARN_EMPTY_BODY = YES;
				CLANG_WARN_ENUM_CONVERSION = YES;
				CLANG_WARN_INT_CONVERSION = YES;
				CLANG_WARN_OBJC_ROOT_CLASS = YES_ERROR;
				CLANG_WARN_UNREACHABLE_CODE = YES;
				CLANG_WARN__DUPLICATE_METHOD_MATCH = YES;
				"CODE_SIGN_IDENTITY[sdk=iphoneos*]" = "iPhone Developer";
				COPY_PHASE_STRIP = NO;
				DEBUG_INFORMATION_FORMAT = dwarf;
				ENABLE_STRICT_OBJC_MSGSEND = YES;
				ENABLE_TESTABILITY = YES;
				GCC_C_LANGUAGE_STANDARD = gnu99;
				GCC_DYNAMIC_NO_PIC = NO;
				GCC_NO_COMMON_BLOCKS = YES;
				GCC_OPTIMIZATION_LEVEL = 0;
				GCC_PREPROCESSOR_DEFINITIONS = (
					"DEBUG=1",
					"$(inherited)",
				);
				GCC_WARN_64_TO_32_BIT_CONVERSION = YES;
				GCC_WARN_ABOUT_RETURN_TYPE = YES_ERROR;
				GCC_WARN_UNDECLARED_SELECTOR = YES;
				GCC_WARN_UNINITIALIZED_AUTOS = YES_AGGRESSIVE;
				GCC_WARN_UNUSED_FUNCTION = YES;
				GCC_WARN_UNUSED_VARIABLE = YES;
				IPHONEOS_DEPLOYMENT_TARGET = 9.2;
				MTL_ENABLE_DEBUG_INFO = YES;
				ONLY_ACTIVE_ARCH = YES;
				SDKROOT = iphoneos;
				TARGETED_DEVICE_FAMILY = "1,2";
			};
			name = Debug;
		};
		3B469AEA1CCEF7EF00E8833D /* Release */ = {
			isa = XCBuildConfiguration;
			buildSettings = {
				ALWAYS_SEARCH_USER_PATHS = NO;
				CLANG_CXX_LANGUAGE_STANDARD = "gnu++0x";
				CLANG_CXX_LIBRARY = "libc++";
				CLANG_ENABLE_MODULES = YES;
				CLANG_ENABLE_OBJC_ARC = YES;
				CLANG_WARN_BOOL_CONVERSION = YES;
				CLANG_WARN_CONSTANT_CONVERSION = YES;
				CLANG_WARN_DIRECT_OBJC_ISA_USAGE = YES_ERROR;
				CLANG_WARN_EMPTY_BODY = YES;
				CLANG_WARN_ENUM_CONVERSION = YES;
				CLANG_WARN_INT_CONVERSION = YES;
				CLANG_WARN_OBJC_ROOT_CLASS = YES_ERROR;
				CLANG_WARN_UNREACHABLE_CODE = YES;
				CLANG_WARN__DUPLICATE_METHOD_MATCH = YES;
				"CODE_SIGN_IDENTITY[sdk=iphoneos*]" = "iPhone Developer";
				COPY_PHASE_STRIP = NO;
				DEBUG_INFORMATION_FORMAT = "dwarf-with-dsym";
				ENABLE_NS_ASSERTIONS = NO;
				ENABLE_STRICT_OBJC_MSGSEND = YES;
				GCC_C_LANGUAGE_STANDARD = gnu99;
				GCC_NO_COMMON_BLOCKS = YES;
				GCC_WARN_64_TO_32_BIT_CONVERSION = YES;
				GCC_WARN_ABOUT_RETURN_TYPE = YES_ERROR;
				GCC_WARN_UNDECLARED_SELECTOR = YES;
				GCC_WARN_UNINITIALIZED_AUTOS = YES_AGGRESSIVE;
				GCC_WARN_UNUSED_FUNCTION = YES;
				GCC_WARN_UNUSED_VARIABLE = YES;
				IPHONEOS_DEPLOYMENT_TARGET = 9.2;
				MTL_ENABLE_DEBUG_INFO = NO;
				SDKROOT = iphoneos;
				TARGETED_DEVICE_FAMILY = "1,2";
				VALIDATE_PRODUCT = YES;
			};
			name = Release;
		};
		3B469AEC1CCEF7EF00E8833D /* Debug */ = {
			isa = XCBuildConfiguration;
			buildSettings = {
				ASSETCATALOG_COMPILER_APPICON_NAME = AppIcon;
				FRAMEWORK_SEARCH_PATHS = (
					"$(inherited)",
					"$(PROJECT_DIR)/JSPatchDemo/SDK",
					"$(SDKROOT)$(SYSTEM_LIBRARY_DIR)/PrivateFrameworks",
				);
				INFOPLIST_FILE = JSPatchDemo/Info.plist;
				IPHONEOS_DEPLOYMENT_TARGET = 9.0;
				LD_RUNPATH_SEARCH_PATHS = "$(inherited) @executable_path/Frameworks";
				PRODUCT_BUNDLE_IDENTIFIER = Allen.SDMapHome;
				PRODUCT_NAME = "$(TARGET_NAME)";
			};
			name = Debug;
		};
		3B469AED1CCEF7EF00E8833D /* Release */ = {
			isa = XCBuildConfiguration;
			buildSettings = {
				ASSETCATALOG_COMPILER_APPICON_NAME = AppIcon;
				FRAMEWORK_SEARCH_PATHS = (
					"$(inherited)",
					"$(PROJECT_DIR)/JSPatchDemo/SDK",
					"$(SDKROOT)$(SYSTEM_LIBRARY_DIR)/PrivateFrameworks",
				);
				INFOPLIST_FILE = JSPatchDemo/Info.plist;
				IPHONEOS_DEPLOYMENT_TARGET = 9.0;
				LD_RUNPATH_SEARCH_PATHS = "$(inherited) @executable_path/Frameworks";
				PRODUCT_BUNDLE_IDENTIFIER = Allen.SDMapHome;
				PRODUCT_NAME = "$(TARGET_NAME)";
			};
			name = Release;
		};
/* End XCBuildConfiguration section */

/* Begin XCConfigurationList section */
		3B469ACF1CCEF7EF00E8833D /* Build configuration list for PBXProject "JSPatchDemo" */ = {
			isa = XCConfigurationList;
			buildConfigurations = (
				3B469AE91CCEF7EF00E8833D /* Debug */,
				3B469AEA1CCEF7EF00E8833D /* Release */,
			);
			defaultConfigurationIsVisible = 0;
			defaultConfigurationName = Release;
		};
		3B469AEB1CCEF7EF00E8833D /* Build configuration list for PBXNativeTarget "JSPatchDemo" */ = {
			isa = XCConfigurationList;
			buildConfigurations = (
				3B469AEC1CCEF7EF00E8833D /* Debug */,
				3B469AED1CCEF7EF00E8833D /* Release */,
			);
			defaultConfigurationIsVisible = 0;
		};
/* End XCConfigurationList section */
	};
	rootObject = 3B469ACC1CCEF7EF00E8833D /* Project object */;
}
